// !$*UTF8*$!
{
	archiveVersion = 1;
	classes = {
	};
	objectVersion = 52;
	objects = {

/* Begin PBXBuildFile section */
		7F009E39272B7622003374A1 /* CreatePlannerPresenter.swift in Sources */ = {isa = PBXBuildFile; fileRef = 7F009E38272B7622003374A1 /* CreatePlannerPresenter.swift */; };
		7F009E3D272B76F1003374A1 /* PlannerDetailsVC.swift in Sources */ = {isa = PBXBuildFile; fileRef = 7F009E3C272B76F1003374A1 /* PlannerDetailsVC.swift */; };
		7F009E3F272B770C003374A1 /* PlannerActivitiesPresenter.swift in Sources */ = {isa = PBXBuildFile; fileRef = 7F009E3E272B770C003374A1 /* PlannerActivitiesPresenter.swift */; };
		7F0774CA273E42AF0033853A /* PlannerDateCell.swift in Sources */ = {isa = PBXBuildFile; fileRef = 7F0774C8273E42AF0033853A /* PlannerDateCell.swift */; };
		7F0774CB273E42AF0033853A /* PlannerDateCell.xib in Resources */ = {isa = PBXBuildFile; fileRef = 7F0774C9273E42AF0033853A /* PlannerDateCell.xib */; };
		7F13728126CBDC4C00318991 /* R.generated.swift in Sources */ = {isa = PBXBuildFile; fileRef = 7F13728026CBDC4C00318991 /* R.generated.swift */; };
		7F13728526CBE70A00318991 /* NetworkManager.swift in Sources */ = {isa = PBXBuildFile; fileRef = 7F13728426CBE70A00318991 /* NetworkManager.swift */; };
		7F13728726CBE72B00318991 /* TError.swift in Sources */ = {isa = PBXBuildFile; fileRef = 7F13728626CBE72B00318991 /* TError.swift */; };
		7F13728A26CBEA5100318991 /* Result.swift in Sources */ = {isa = PBXBuildFile; fileRef = 7F13728926CBEA5100318991 /* Result.swift */; };
		7F18981A27071CD7007AA48F /* BasePlannerTableHeader.swift in Sources */ = {isa = PBXBuildFile; fileRef = 7F18981827071CD7007AA48F /* BasePlannerTableHeader.swift */; };
		7F18981B27071CD7007AA48F /* BasePlannerTableHeader.xib in Resources */ = {isa = PBXBuildFile; fileRef = 7F18981927071CD7007AA48F /* BasePlannerTableHeader.xib */; };
		7F1E3C0026DDB14C0027583A /* FloatingPanel in Frameworks */ = {isa = PBXBuildFile; productRef = 7F1E3BFF26DDB14C0027583A /* FloatingPanel */; };
		7F1E3C0226DDB2F40027583A /* ItenarySheetVC.swift in Sources */ = {isa = PBXBuildFile; fileRef = 7F1E3C0126DDB2F40027583A /* ItenarySheetVC.swift */; };
		7F20F486274747B6007CA801 /* download_data_from_network_manager.swift in Sources */ = {isa = PBXBuildFile; fileRef = 7F20F485274747B6007CA801 /* download_data_from_network_manager.swift */; };
		7F217A1526E910870057A40C /* DescriptionCell.swift in Sources */ = {isa = PBXBuildFile; fileRef = 7F217A1326E910870057A40C /* DescriptionCell.swift */; };
		7F217A1626E910870057A40C /* DescriptionCell.xib in Resources */ = {isa = PBXBuildFile; fileRef = 7F217A1426E910870057A40C /* DescriptionCell.xib */; };
		7F217A1B26E914210057A40C /* ItenaryInfoCollectionCell.swift in Sources */ = {isa = PBXBuildFile; fileRef = 7F217A1926E914210057A40C /* ItenaryInfoCollectionCell.swift */; };
		7F217A1C26E914210057A40C /* ItenaryInfoCollectionCell.xib in Resources */ = {isa = PBXBuildFile; fileRef = 7F217A1A26E914210057A40C /* ItenaryInfoCollectionCell.xib */; };
		7F217A1F26E916540057A40C /* InfoCell.swift in Sources */ = {isa = PBXBuildFile; fileRef = 7F217A1D26E916540057A40C /* InfoCell.swift */; };
		7F217A2026E916540057A40C /* InfoCell.xib in Resources */ = {isa = PBXBuildFile; fileRef = 7F217A1E26E916540057A40C /* InfoCell.xib */; };
		7F21D8F126E2276400C0AF7F /* ItenaryDetailsVC.swift in Sources */ = {isa = PBXBuildFile; fileRef = 7F21D8F026E2276400C0AF7F /* ItenaryDetailsVC.swift */; };
		7F237888274027C700D4F013 /* PlannerActivityContentCell.swift in Sources */ = {isa = PBXBuildFile; fileRef = 7F237886274027C700D4F013 /* PlannerActivityContentCell.swift */; };
		7F237889274027C700D4F013 /* PlannerActivityContentCell.xib in Resources */ = {isa = PBXBuildFile; fileRef = 7F237887274027C700D4F013 /* PlannerActivityContentCell.xib */; };
		7F34A02826F0B88E0074F139 /* ItenaryMapViewVC.swift in Sources */ = {isa = PBXBuildFile; fileRef = 7F34A02626F0B88E0074F139 /* ItenaryMapViewVC.swift */; };
		7F38229526D8397F00E7F8A3 /* ItenaryCell.swift in Sources */ = {isa = PBXBuildFile; fileRef = 7F38229326D8397F00E7F8A3 /* ItenaryCell.swift */; };
		7F38229626D8397F00E7F8A3 /* ItenaryCell.xib in Resources */ = {isa = PBXBuildFile; fileRef = 7F38229426D8397F00E7F8A3 /* ItenaryCell.xib */; };
		7F45C5E326EE3485008A27C1 /* MapPreviewCell.swift in Sources */ = {isa = PBXBuildFile; fileRef = 7F45C5E126EE3485008A27C1 /* MapPreviewCell.swift */; };
		7F45C5E426EE3485008A27C1 /* MapPreviewCell.xib in Resources */ = {isa = PBXBuildFile; fileRef = 7F45C5E226EE3485008A27C1 /* MapPreviewCell.xib */; };
		7F49508D26FDEBB600A7E4F8 /* BasePlannerVC.swift in Sources */ = {isa = PBXBuildFile; fileRef = 7F49508C26FDEBB600A7E4F8 /* BasePlannerVC.swift */; };
		7F49508F26FDEC6D00A7E4F8 /* Planner.storyboard in Resources */ = {isa = PBXBuildFile; fileRef = 7F49508E26FDEC6D00A7E4F8 /* Planner.storyboard */; };
		7F4CE93E26DB7DC200CCBCC0 /* DiscoverCell.xib in Resources */ = {isa = PBXBuildFile; fileRef = 7F4CE93D26DB7DC200CCBCC0 /* DiscoverCell.xib */; };
		7F4CE94026DB819600CCBCC0 /* UIViewExtensions.swift in Sources */ = {isa = PBXBuildFile; fileRef = 7F4CE93F26DB819600CCBCC0 /* UIViewExtensions.swift */; };
		7F5139FF2707C2AA002D6880 /* ItenaryPresenter.swift in Sources */ = {isa = PBXBuildFile; fileRef = 7F5139FE2707C2AA002D6880 /* ItenaryPresenter.swift */; };
		7F529F8526CEB768006E7FB7 /* UIImageViewExtensions.swift in Sources */ = {isa = PBXBuildFile; fileRef = 7F529F8426CEB768006E7FB7 /* UIImageViewExtensions.swift */; };
		7F53D6C22700A2FD00970CEE /* BaseDiscoverPresenter.swift in Sources */ = {isa = PBXBuildFile; fileRef = 7F53D6C12700A2FD00970CEE /* BaseDiscoverPresenter.swift */; };
		7F715946272508290077F46E /* Planner.swift in Sources */ = {isa = PBXBuildFile; fileRef = 7F715945272508290077F46E /* Planner.swift */; };
		7F71594C2725829D0077F46E /* PlannerItemsCell.swift in Sources */ = {isa = PBXBuildFile; fileRef = 7F71594A2725829D0077F46E /* PlannerItemsCell.swift */; };
		7F71594D2725829D0077F46E /* PlannerItemsCell.xib in Resources */ = {isa = PBXBuildFile; fileRef = 7F71594B2725829D0077F46E /* PlannerItemsCell.xib */; };
		7F717FB326CE3C480066183C /* Locations.swift in Sources */ = {isa = PBXBuildFile; fileRef = 7F717FB226CE3C480066183C /* Locations.swift */; };
		7FB4CF48274072DB0048BF0D /* MenuCollectionCell.swift in Sources */ = {isa = PBXBuildFile; fileRef = 7FB4CF46274072DB0048BF0D /* MenuCollectionCell.swift */; };
		7FB4CF49274072DB0048BF0D /* MenuCollectionCell.xib in Resources */ = {isa = PBXBuildFile; fileRef = 7FB4CF47274072DB0048BF0D /* MenuCollectionCell.xib */; };
		7FBE4C2A270723ED004E26A9 /* BasePlannerImageFooter.swift in Sources */ = {isa = PBXBuildFile; fileRef = 7FBE4C28270723ED004E26A9 /* BasePlannerImageFooter.swift */; };
		7FBE4C2B270723ED004E26A9 /* BasePlannerImageFooter.xib in Resources */ = {isa = PBXBuildFile; fileRef = 7FBE4C29270723ED004E26A9 /* BasePlannerImageFooter.xib */; };
		7FBE4C3127072AA8004E26A9 /* image1.jpg in Resources */ = {isa = PBXBuildFile; fileRef = 7FBE4C2E27072AA8004E26A9 /* image1.jpg */; };
		7FBE4C3227072AA8004E26A9 /* image2.jpg in Resources */ = {isa = PBXBuildFile; fileRef = 7FBE4C2F27072AA8004E26A9 /* image2.jpg */; };
		7FBE4C3327072AA8004E26A9 /* image3.jpg in Resources */ = {isa = PBXBuildFile; fileRef = 7FBE4C3027072AA8004E26A9 /* image3.jpg */; };
		7FBE4C3527072C07004E26A9 /* image4.jpg in Resources */ = {isa = PBXBuildFile; fileRef = 7FBE4C3427072C07004E26A9 /* image4.jpg */; };
		7FBE4C39270732B2004E26A9 /* CreatePlannerVC.swift in Sources */ = {isa = PBXBuildFile; fileRef = 7FBE4C38270732B2004E26A9 /* CreatePlannerVC.swift */; };
		7FCF5E6D26C338F000FF7E18 /* AppDelegate.swift in Sources */ = {isa = PBXBuildFile; fileRef = 7FCF5E6C26C338F000FF7E18 /* AppDelegate.swift */; };
		7FCF5E6F26C338F000FF7E18 /* SceneDelegate.swift in Sources */ = {isa = PBXBuildFile; fileRef = 7FCF5E6E26C338F000FF7E18 /* SceneDelegate.swift */; };
		7FCF5E7126C338F000FF7E18 /* BaseDiscoverVC.swift in Sources */ = {isa = PBXBuildFile; fileRef = 7FCF5E7026C338F000FF7E18 /* BaseDiscoverVC.swift */; };
		7FCF5E7426C338F000FF7E18 /* Main.storyboard in Resources */ = {isa = PBXBuildFile; fileRef = 7FCF5E7226C338F000FF7E18 /* Main.storyboard */; };
		7FCF5E7626C338F800FF7E18 /* Assets.xcassets in Resources */ = {isa = PBXBuildFile; fileRef = 7FCF5E7526C338F800FF7E18 /* Assets.xcassets */; };
		7FCF5E7926C338F800FF7E18 /* LaunchScreen.storyboard in Resources */ = {isa = PBXBuildFile; fileRef = 7FCF5E7726C338F800FF7E18 /* LaunchScreen.storyboard */; };
		7FCF5E8F26C33BB400FF7E18 /* Discover.storyboard in Resources */ = {isa = PBXBuildFile; fileRef = 7FCF5E8D26C33BB400FF7E18 /* Discover.storyboard */; };
		7FCF5E9326C33D5700FF7E18 /* DiscoverCell.swift in Sources */ = {isa = PBXBuildFile; fileRef = 7FCF5E9226C33D5700FF7E18 /* DiscoverCell.swift */; };
		7FD9716826D0D80D00F7D71C /* ItenaryVC.swift in Sources */ = {isa = PBXBuildFile; fileRef = 7FD9716726D0D80D00F7D71C /* ItenaryVC.swift */; };
		7FD9B06026D4D036007E385B /* Itenaries.swift in Sources */ = {isa = PBXBuildFile; fileRef = 7FD9B05F26D4D036007E385B /* Itenaries.swift */; };
		7FE5F84926DD99650083F350 /* Constants.swift in Sources */ = {isa = PBXBuildFile; fileRef = 7FE5F84826DD99650083F350 /* Constants.swift */; };
		A5AC259A73B4282051B2407E /* Pods_Travl_iOS.framework in Frameworks */ = {isa = PBXBuildFile; fileRef = 73A30EBDD2DEBA2261601004 /* Pods_Travl_iOS.framework */; };
/* End PBXBuildFile section */

/* Begin PBXContainerItemProxy section */
		7F20F47F2747476C007CA801 /* PBXContainerItemProxy */ = {
			isa = PBXContainerItemProxy;
			containerPortal = 7FCF5E6126C338F000FF7E18 /* Project object */;
			proxyType = 1;
			remoteGlobalIDString = 7FCF5E6826C338F000FF7E18;
			remoteInfo = Travl.iOS;
		};
/* End PBXContainerItemProxy section */

/* Begin PBXFileReference section */
		71B11A562E0B40557C9152A2 /* Pods-Travl.iOS.release.xcconfig */ = {isa = PBXFileReference; includeInIndex = 1; lastKnownFileType = text.xcconfig; name = "Pods-Travl.iOS.release.xcconfig"; path = "Target Support Files/Pods-Travl.iOS/Pods-Travl.iOS.release.xcconfig"; sourceTree = "<group>"; };
		73A30EBDD2DEBA2261601004 /* Pods_Travl_iOS.framework */ = {isa = PBXFileReference; explicitFileType = wrapper.framework; includeInIndex = 0; path = Pods_Travl_iOS.framework; sourceTree = BUILT_PRODUCTS_DIR; };
		7F009E38272B7622003374A1 /* CreatePlannerPresenter.swift */ = {isa = PBXFileReference; fileEncoding = 4; lastKnownFileType = sourcecode.swift; path = CreatePlannerPresenter.swift; sourceTree = "<group>"; };
		7F009E3C272B76F1003374A1 /* PlannerDetailsVC.swift */ = {isa = PBXFileReference; lastKnownFileType = sourcecode.swift; path = PlannerDetailsVC.swift; sourceTree = "<group>"; };
		7F009E3E272B770C003374A1 /* PlannerActivitiesPresenter.swift */ = {isa = PBXFileReference; lastKnownFileType = sourcecode.swift; path = PlannerActivitiesPresenter.swift; sourceTree = "<group>"; };
		7F0774C8273E42AF0033853A /* PlannerDateCell.swift */ = {isa = PBXFileReference; lastKnownFileType = sourcecode.swift; path = PlannerDateCell.swift; sourceTree = "<group>"; };
		7F0774C9273E42AF0033853A /* PlannerDateCell.xib */ = {isa = PBXFileReference; lastKnownFileType = file.xib; path = PlannerDateCell.xib; sourceTree = "<group>"; };
		7F13728026CBDC4C00318991 /* R.generated.swift */ = {isa = PBXFileReference; fileEncoding = 4; lastKnownFileType = sourcecode.swift; path = R.generated.swift; sourceTree = SOURCE_ROOT; };
		7F13728426CBE70A00318991 /* NetworkManager.swift */ = {isa = PBXFileReference; lastKnownFileType = sourcecode.swift; path = NetworkManager.swift; sourceTree = "<group>"; };
		7F13728626CBE72B00318991 /* TError.swift */ = {isa = PBXFileReference; lastKnownFileType = sourcecode.swift; path = TError.swift; sourceTree = "<group>"; };
		7F13728926CBEA5100318991 /* Result.swift */ = {isa = PBXFileReference; lastKnownFileType = sourcecode.swift; path = Result.swift; sourceTree = "<group>"; };
		7F18981827071CD7007AA48F /* BasePlannerTableHeader.swift */ = {isa = PBXFileReference; lastKnownFileType = sourcecode.swift; path = BasePlannerTableHeader.swift; sourceTree = "<group>"; };
		7F18981927071CD7007AA48F /* BasePlannerTableHeader.xib */ = {isa = PBXFileReference; lastKnownFileType = file.xib; path = BasePlannerTableHeader.xib; sourceTree = "<group>"; };
		7F1E3C0126DDB2F40027583A /* ItenarySheetVC.swift */ = {isa = PBXFileReference; lastKnownFileType = sourcecode.swift; path = ItenarySheetVC.swift; sourceTree = "<group>"; };
		7F20F47B2747476C007CA801 /* TravlTests.xctest */ = {isa = PBXFileReference; explicitFileType = wrapper.cfbundle; includeInIndex = 0; path = TravlTests.xctest; sourceTree = BUILT_PRODUCTS_DIR; };
		7F20F485274747B6007CA801 /* download_data_from_network_manager.swift */ = {isa = PBXFileReference; lastKnownFileType = sourcecode.swift; path = download_data_from_network_manager.swift; sourceTree = "<group>"; };
		7F217A1326E910870057A40C /* DescriptionCell.swift */ = {isa = PBXFileReference; lastKnownFileType = sourcecode.swift; path = DescriptionCell.swift; sourceTree = "<group>"; };
		7F217A1426E910870057A40C /* DescriptionCell.xib */ = {isa = PBXFileReference; lastKnownFileType = file.xib; path = DescriptionCell.xib; sourceTree = "<group>"; };
		7F217A1926E914210057A40C /* ItenaryInfoCollectionCell.swift */ = {isa = PBXFileReference; lastKnownFileType = sourcecode.swift; path = ItenaryInfoCollectionCell.swift; sourceTree = "<group>"; };
		7F217A1A26E914210057A40C /* ItenaryInfoCollectionCell.xib */ = {isa = PBXFileReference; lastKnownFileType = file.xib; path = ItenaryInfoCollectionCell.xib; sourceTree = "<group>"; };
		7F217A1D26E916540057A40C /* InfoCell.swift */ = {isa = PBXFileReference; lastKnownFileType = sourcecode.swift; path = InfoCell.swift; sourceTree = "<group>"; };
		7F217A1E26E916540057A40C /* InfoCell.xib */ = {isa = PBXFileReference; lastKnownFileType = file.xib; path = InfoCell.xib; sourceTree = "<group>"; };
		7F21D8F026E2276400C0AF7F /* ItenaryDetailsVC.swift */ = {isa = PBXFileReference; lastKnownFileType = sourcecode.swift; path = ItenaryDetailsVC.swift; sourceTree = "<group>"; };
		7F237886274027C700D4F013 /* PlannerActivityContentCell.swift */ = {isa = PBXFileReference; lastKnownFileType = sourcecode.swift; path = PlannerActivityContentCell.swift; sourceTree = "<group>"; };
		7F237887274027C700D4F013 /* PlannerActivityContentCell.xib */ = {isa = PBXFileReference; lastKnownFileType = file.xib; path = PlannerActivityContentCell.xib; sourceTree = "<group>"; };
		7F34A02626F0B88E0074F139 /* ItenaryMapViewVC.swift */ = {isa = PBXFileReference; lastKnownFileType = sourcecode.swift; path = ItenaryMapViewVC.swift; sourceTree = "<group>"; };
		7F38229326D8397F00E7F8A3 /* ItenaryCell.swift */ = {isa = PBXFileReference; lastKnownFileType = sourcecode.swift; path = ItenaryCell.swift; sourceTree = "<group>"; };
		7F38229426D8397F00E7F8A3 /* ItenaryCell.xib */ = {isa = PBXFileReference; lastKnownFileType = file.xib; path = ItenaryCell.xib; sourceTree = "<group>"; };
		7F45C5E126EE3485008A27C1 /* MapPreviewCell.swift */ = {isa = PBXFileReference; lastKnownFileType = sourcecode.swift; path = MapPreviewCell.swift; sourceTree = "<group>"; };
		7F45C5E226EE3485008A27C1 /* MapPreviewCell.xib */ = {isa = PBXFileReference; lastKnownFileType = file.xib; path = MapPreviewCell.xib; sourceTree = "<group>"; };
		7F49508C26FDEBB600A7E4F8 /* BasePlannerVC.swift */ = {isa = PBXFileReference; lastKnownFileType = sourcecode.swift; path = BasePlannerVC.swift; sourceTree = "<group>"; };
		7F49508E26FDEC6D00A7E4F8 /* Planner.storyboard */ = {isa = PBXFileReference; fileEncoding = 4; lastKnownFileType = file.storyboard; path = Planner.storyboard; sourceTree = "<group>"; };
		7F4CE93D26DB7DC200CCBCC0 /* DiscoverCell.xib */ = {isa = PBXFileReference; lastKnownFileType = file.xib; path = DiscoverCell.xib; sourceTree = "<group>"; };
		7F4CE93F26DB819600CCBCC0 /* UIViewExtensions.swift */ = {isa = PBXFileReference; lastKnownFileType = sourcecode.swift; path = UIViewExtensions.swift; sourceTree = "<group>"; };
		7F5139FE2707C2AA002D6880 /* ItenaryPresenter.swift */ = {isa = PBXFileReference; lastKnownFileType = sourcecode.swift; path = ItenaryPresenter.swift; sourceTree = "<group>"; };
		7F529F8426CEB768006E7FB7 /* UIImageViewExtensions.swift */ = {isa = PBXFileReference; lastKnownFileType = sourcecode.swift; path = UIImageViewExtensions.swift; sourceTree = "<group>"; };
		7F53D6C12700A2FD00970CEE /* BaseDiscoverPresenter.swift */ = {isa = PBXFileReference; lastKnownFileType = sourcecode.swift; path = BaseDiscoverPresenter.swift; sourceTree = "<group>"; };
		7F715945272508290077F46E /* Planner.swift */ = {isa = PBXFileReference; lastKnownFileType = sourcecode.swift; path = Planner.swift; sourceTree = "<group>"; };
		7F71594A2725829D0077F46E /* PlannerItemsCell.swift */ = {isa = PBXFileReference; lastKnownFileType = sourcecode.swift; path = PlannerItemsCell.swift; sourceTree = "<group>"; };
		7F71594B2725829D0077F46E /* PlannerItemsCell.xib */ = {isa = PBXFileReference; lastKnownFileType = file.xib; path = PlannerItemsCell.xib; sourceTree = "<group>"; };
		7F717FB226CE3C480066183C /* Locations.swift */ = {isa = PBXFileReference; lastKnownFileType = sourcecode.swift; path = Locations.swift; sourceTree = "<group>"; };
		7FB4CF46274072DB0048BF0D /* MenuCollectionCell.swift */ = {isa = PBXFileReference; lastKnownFileType = sourcecode.swift; path = MenuCollectionCell.swift; sourceTree = "<group>"; };
		7FB4CF47274072DB0048BF0D /* MenuCollectionCell.xib */ = {isa = PBXFileReference; lastKnownFileType = file.xib; path = MenuCollectionCell.xib; sourceTree = "<group>"; };
		7FBE4C28270723ED004E26A9 /* BasePlannerImageFooter.swift */ = {isa = PBXFileReference; lastKnownFileType = sourcecode.swift; path = BasePlannerImageFooter.swift; sourceTree = "<group>"; };
		7FBE4C29270723ED004E26A9 /* BasePlannerImageFooter.xib */ = {isa = PBXFileReference; lastKnownFileType = file.xib; path = BasePlannerImageFooter.xib; sourceTree = "<group>"; };
		7FBE4C2E27072AA8004E26A9 /* image1.jpg */ = {isa = PBXFileReference; lastKnownFileType = image.jpeg; path = image1.jpg; sourceTree = "<group>"; };
		7FBE4C2F27072AA8004E26A9 /* image2.jpg */ = {isa = PBXFileReference; lastKnownFileType = image.jpeg; path = image2.jpg; sourceTree = "<group>"; };
		7FBE4C3027072AA8004E26A9 /* image3.jpg */ = {isa = PBXFileReference; lastKnownFileType = image.jpeg; path = image3.jpg; sourceTree = "<group>"; };
		7FBE4C3427072C07004E26A9 /* image4.jpg */ = {isa = PBXFileReference; lastKnownFileType = image.jpeg; path = image4.jpg; sourceTree = "<group>"; };
		7FBE4C38270732B2004E26A9 /* CreatePlannerVC.swift */ = {isa = PBXFileReference; lastKnownFileType = sourcecode.swift; path = CreatePlannerVC.swift; sourceTree = "<group>"; };
		7FCF5E6926C338F000FF7E18 /* Travl.iOS.app */ = {isa = PBXFileReference; explicitFileType = wrapper.application; includeInIndex = 0; path = Travl.iOS.app; sourceTree = BUILT_PRODUCTS_DIR; };
		7FCF5E6C26C338F000FF7E18 /* AppDelegate.swift */ = {isa = PBXFileReference; lastKnownFileType = sourcecode.swift; path = AppDelegate.swift; sourceTree = "<group>"; };
		7FCF5E6E26C338F000FF7E18 /* SceneDelegate.swift */ = {isa = PBXFileReference; lastKnownFileType = sourcecode.swift; path = SceneDelegate.swift; sourceTree = "<group>"; };
		7FCF5E7026C338F000FF7E18 /* BaseDiscoverVC.swift */ = {isa = PBXFileReference; lastKnownFileType = sourcecode.swift; path = BaseDiscoverVC.swift; sourceTree = "<group>"; };
		7FCF5E7326C338F000FF7E18 /* Base */ = {isa = PBXFileReference; lastKnownFileType = file.storyboard; name = Base; path = Base.lproj/Main.storyboard; sourceTree = "<group>"; };
		7FCF5E7526C338F800FF7E18 /* Assets.xcassets */ = {isa = PBXFileReference; lastKnownFileType = folder.assetcatalog; path = Assets.xcassets; sourceTree = "<group>"; };
		7FCF5E7826C338F800FF7E18 /* Base */ = {isa = PBXFileReference; lastKnownFileType = file.storyboard; name = Base; path = Base.lproj/LaunchScreen.storyboard; sourceTree = "<group>"; };
		7FCF5E7A26C338F800FF7E18 /* Info.plist */ = {isa = PBXFileReference; lastKnownFileType = text.plist.xml; path = Info.plist; sourceTree = "<group>"; };
		7FCF5E8E26C33BB400FF7E18 /* Base */ = {isa = PBXFileReference; lastKnownFileType = file.storyboard; name = Base; path = Travl.iOS/View/Base.lproj/Discover.storyboard; sourceTree = "<group>"; };
		7FCF5E9226C33D5700FF7E18 /* DiscoverCell.swift */ = {isa = PBXFileReference; lastKnownFileType = sourcecode.swift; path = DiscoverCell.swift; sourceTree = "<group>"; };
		7FD9716726D0D80D00F7D71C /* ItenaryVC.swift */ = {isa = PBXFileReference; lastKnownFileType = sourcecode.swift; path = ItenaryVC.swift; sourceTree = "<group>"; };
		7FD9B05F26D4D036007E385B /* Itenaries.swift */ = {isa = PBXFileReference; lastKnownFileType = sourcecode.swift; path = Itenaries.swift; sourceTree = "<group>"; };
		7FE5F84826DD99650083F350 /* Constants.swift */ = {isa = PBXFileReference; lastKnownFileType = sourcecode.swift; path = Constants.swift; sourceTree = "<group>"; };
		9CBD587F16BCBD11297A4B31 /* Pods-Travl.iOS.debug.xcconfig */ = {isa = PBXFileReference; includeInIndex = 1; lastKnownFileType = text.xcconfig; name = "Pods-Travl.iOS.debug.xcconfig"; path = "Target Support Files/Pods-Travl.iOS/Pods-Travl.iOS.debug.xcconfig"; sourceTree = "<group>"; };
/* End PBXFileReference section */

/* Begin PBXFrameworksBuildPhase section */
		7F20F4782747476C007CA801 /* Frameworks */ = {
			isa = PBXFrameworksBuildPhase;
			buildActionMask = 2147483647;
			files = (
			);
			runOnlyForDeploymentPostprocessing = 0;
		};
		7FCF5E6626C338F000FF7E18 /* Frameworks */ = {
			isa = PBXFrameworksBuildPhase;
			buildActionMask = 2147483647;
			files = (
				A5AC259A73B4282051B2407E /* Pods_Travl_iOS.framework in Frameworks */,
				7F1E3C0026DDB14C0027583A /* FloatingPanel in Frameworks */,
			);
			runOnlyForDeploymentPostprocessing = 0;
		};
/* End PBXFrameworksBuildPhase section */

/* Begin PBXGroup section */
		1B2ACFE70074C61C8AE10CB2 /* Pods */ = {
			isa = PBXGroup;
			children = (
				9CBD587F16BCBD11297A4B31 /* Pods-Travl.iOS.debug.xcconfig */,
				71B11A562E0B40557C9152A2 /* Pods-Travl.iOS.release.xcconfig */,
			);
			path = Pods;
			sourceTree = "<group>";
		};
		70FE09715EE1627C3673BBE0 /* Frameworks */ = {
			isa = PBXGroup;
			children = (
				73A30EBDD2DEBA2261601004 /* Pods_Travl_iOS.framework */,
			);
			name = Frameworks;
			sourceTree = "<group>";
		};
		7F009E3A272B7640003374A1 /* Scene */ = {
			isa = PBXGroup;
			children = (
				7F49508E26FDEC6D00A7E4F8 /* Planner.storyboard */,
				7FCF5E8D26C33BB400FF7E18 /* Discover.storyboard */,
				7FCF5E7226C338F000FF7E18 /* Main.storyboard */,
				7FCF5E7726C338F800FF7E18 /* LaunchScreen.storyboard */,
			);
			path = Scene;
			sourceTree = "<group>";
		};
		7F009E3B272B7651003374A1 /* UI */ = {
			isa = PBXGroup;
			children = (
				7FDCE6E226DE651800EA1B54 /* TableCell */,
				7FABD23026E8EB0900A68E65 /* CollectionCell */,
			);
			path = UI;
			sourceTree = "<group>";
		};
		7F07752A273E7E650033853A /* PlannerDateCell */ = {
			isa = PBXGroup;
			children = (
				7F0774C8273E42AF0033853A /* PlannerDateCell.swift */,
				7F0774C9273E42AF0033853A /* PlannerDateCell.xib */,
			);
			path = PlannerDateCell;
			sourceTree = "<group>";
		};
		7F114BAF273E983700CEDE62 /* View */ = {
			isa = PBXGroup;
			children = (
				7F49508C26FDEBB600A7E4F8 /* BasePlannerVC.swift */,
				7F009E3C272B76F1003374A1 /* PlannerDetailsVC.swift */,
				7FBE4C38270732B2004E26A9 /* CreatePlannerVC.swift */,
			);
			path = View;
			sourceTree = "<group>";
		};
		7F114BB0273E983F00CEDE62 /* Presenter */ = {
			isa = PBXGroup;
			children = (
				7F009E38272B7622003374A1 /* CreatePlannerPresenter.swift */,
				7F009E3E272B770C003374A1 /* PlannerActivitiesPresenter.swift */,
			);
			path = Presenter;
			sourceTree = "<group>";
		};
		7F114BB1273E99D600CEDE62 /* View */ = {
			isa = PBXGroup;
			children = (
				7FCF5E7026C338F000FF7E18 /* BaseDiscoverVC.swift */,
				7FD9716726D0D80D00F7D71C /* ItenaryVC.swift */,
				7F21D8F026E2276400C0AF7F /* ItenaryDetailsVC.swift */,
				7F34A02626F0B88E0074F139 /* ItenaryMapViewVC.swift */,
				7F1E3C0126DDB2F40027583A /* ItenarySheetVC.swift */,
			);
			path = View;
			sourceTree = "<group>";
		};
		7F114BB2273E99DE00CEDE62 /* Presenter */ = {
			isa = PBXGroup;
			children = (
				7F53D6C12700A2FD00970CEE /* BaseDiscoverPresenter.swift */,
				7F5139FE2707C2AA002D6880 /* ItenaryPresenter.swift */,
			);
			path = Presenter;
			sourceTree = "<group>";
		};
		7F13728226CBDCD400318991 /* Controller */ = {
			isa = PBXGroup;
			children = (
				7F49508A26FDEB8E00A7E4F8 /* Module */,
			);
			path = Controller;
			sourceTree = "<group>";
		};
		7F13728326CBE6F200318991 /* Networking */ = {
			isa = PBXGroup;
			children = (
				7F13728426CBE70A00318991 /* NetworkManager.swift */,
			);
			path = Networking;
			sourceTree = "<group>";
		};
		7F13728826CBE73600318991 /* Utilities */ = {
			isa = PBXGroup;
			children = (
				7F13728626CBE72B00318991 /* TError.swift */,
				7F13728926CBEA5100318991 /* Result.swift */,
			);
			path = Utilities;
			sourceTree = "<group>";
		};
		7F20F47C2747476C007CA801 /* TravlTests */ = {
			isa = PBXGroup;
			children = (
				7F20F4842747479E007CA801 /* NetworkManager */,
			);
			path = TravlTests;
			sourceTree = "<group>";
		};
		7F20F4842747479E007CA801 /* NetworkManager */ = {
			isa = PBXGroup;
			children = (
				7F20F485274747B6007CA801 /* download_data_from_network_manager.swift */,
			);
			path = NetworkManager;
			sourceTree = "<group>";
		};
		7F217A1726E9108C0057A40C /* DescriptionCell */ = {
			isa = PBXGroup;
			children = (
				7F217A1326E910870057A40C /* DescriptionCell.swift */,
				7F217A1426E910870057A40C /* DescriptionCell.xib */,
			);
			path = DescriptionCell;
			sourceTree = "<group>";
		};
		7F217A1826E914030057A40C /* InfoCollectionCell */ = {
			isa = PBXGroup;
			children = (
				7F217A1926E914210057A40C /* ItenaryInfoCollectionCell.swift */,
				7F217A1A26E914210057A40C /* ItenaryInfoCollectionCell.xib */,
			);
			path = InfoCollectionCell;
			sourceTree = "<group>";
		};
		7F2378842740276500D4F013 /* PlannerActivityContentCell */ = {
			isa = PBXGroup;
			children = (
				7F237886274027C700D4F013 /* PlannerActivityContentCell.swift */,
				7F237887274027C700D4F013 /* PlannerActivityContentCell.xib */,
			);
			path = PlannerActivityContentCell;
			sourceTree = "<group>";
		};
		7F38229726D8398800E7F8A3 /* ItenaryCell */ = {
			isa = PBXGroup;
			children = (
				7F38229326D8397F00E7F8A3 /* ItenaryCell.swift */,
				7F38229426D8397F00E7F8A3 /* ItenaryCell.xib */,
			);
			path = ItenaryCell;
			sourceTree = "<group>";
		};
		7F45C5DF26EE33C6008A27C1 /* InfoCell */ = {
			isa = PBXGroup;
			children = (
				7F217A1D26E916540057A40C /* InfoCell.swift */,
				7F217A1E26E916540057A40C /* InfoCell.xib */,
			);
			path = InfoCell;
			sourceTree = "<group>";
		};
		7F45C5E026EE33E1008A27C1 /* MapPreviewCell */ = {
			isa = PBXGroup;
			children = (
				7F45C5E126EE3485008A27C1 /* MapPreviewCell.swift */,
				7F45C5E226EE3485008A27C1 /* MapPreviewCell.xib */,
			);
			path = MapPreviewCell;
			sourceTree = "<group>";
		};
		7F49508926FDEB5600A7E4F8 /* Discover */ = {
			isa = PBXGroup;
			children = (
				7F114BB2273E99DE00CEDE62 /* Presenter */,
				7F114BB1273E99D600CEDE62 /* View */,
			);
			path = Discover;
			sourceTree = "<group>";
		};
		7F49508A26FDEB8E00A7E4F8 /* Module */ = {
			isa = PBXGroup;
			children = (
				7F49508B26FDEB9800A7E4F8 /* Planner */,
				7F49508926FDEB5600A7E4F8 /* Discover */,
			);
			path = Module;
			sourceTree = "<group>";
		};
		7F49508B26FDEB9800A7E4F8 /* Planner */ = {
			isa = PBXGroup;
			children = (
				7F114BB0273E983F00CEDE62 /* Presenter */,
				7F114BAF273E983700CEDE62 /* View */,
			);
			path = Planner;
			sourceTree = "<group>";
		};
		7F529F8326CEB74B006E7FB7 /* Extensions */ = {
			isa = PBXGroup;
			children = (
				7F529F8426CEB768006E7FB7 /* UIImageViewExtensions.swift */,
				7F4CE93F26DB819600CCBCC0 /* UIViewExtensions.swift */,
			);
			path = Extensions;
			sourceTree = "<group>";
		};
		7F7159492725826A0077F46E /* PlannerItemsCell */ = {
			isa = PBXGroup;
			children = (
				7F71594A2725829D0077F46E /* PlannerItemsCell.swift */,
				7F71594B2725829D0077F46E /* PlannerItemsCell.xib */,
			);
			path = PlannerItemsCell;
			sourceTree = "<group>";
		};
		7F717FB126CE3C170066183C /* Model */ = {
			isa = PBXGroup;
			children = (
				7F717FB226CE3C480066183C /* Locations.swift */,
				7FD9B05F26D4D036007E385B /* Itenaries.swift */,
				7F715945272508290077F46E /* Planner.swift */,
			);
			path = Model;
			sourceTree = "<group>";
		};
		7F86119D272E647D00CAB4B8 /* Planner */ = {
			isa = PBXGroup;
			children = (
				7FB4CF45274072A00048BF0D /* MenuCollectionCell */,
			);
			path = Planner;
			sourceTree = "<group>";
		};
		7FABD23026E8EB0900A68E65 /* CollectionCell */ = {
			isa = PBXGroup;
			children = (
				7F86119D272E647D00CAB4B8 /* Planner */,
				7FC05ABB27259976008724B6 /* Discover */,
			);
			path = CollectionCell;
			sourceTree = "<group>";
		};
		7FB4CF45274072A00048BF0D /* MenuCollectionCell */ = {
			isa = PBXGroup;
			children = (
				7FB4CF46274072DB0048BF0D /* MenuCollectionCell.swift */,
				7FB4CF47274072DB0048BF0D /* MenuCollectionCell.xib */,
			);
			path = MenuCollectionCell;
			sourceTree = "<group>";
		};
		7FBE4C27270723A8004E26A9 /* BasePlannerImageFooter */ = {
			isa = PBXGroup;
			children = (
				7F18981827071CD7007AA48F /* BasePlannerTableHeader.swift */,
				7F18981927071CD7007AA48F /* BasePlannerTableHeader.xib */,
			);
			path = BasePlannerImageFooter;
			sourceTree = "<group>";
		};
		7FBE4C2C27072A80004E26A9 /* Stubs */ = {
			isa = PBXGroup;
			children = (
				7FBE4C2D27072A8E004E26A9 /* ImageSliderData */,
			);
			path = Stubs;
			sourceTree = "<group>";
		};
		7FBE4C2D27072A8E004E26A9 /* ImageSliderData */ = {
			isa = PBXGroup;
			children = (
				7FBE4C2E27072AA8004E26A9 /* image1.jpg */,
				7FBE4C2F27072AA8004E26A9 /* image2.jpg */,
				7FBE4C3027072AA8004E26A9 /* image3.jpg */,
				7FBE4C3427072C07004E26A9 /* image4.jpg */,
			);
			path = ImageSliderData;
			sourceTree = "<group>";
		};
		7FBE4C3727073220004E26A9 /* BasePlannerTableHeader */ = {
			isa = PBXGroup;
			children = (
				7FBE4C28270723ED004E26A9 /* BasePlannerImageFooter.swift */,
				7FBE4C29270723ED004E26A9 /* BasePlannerImageFooter.xib */,
			);
			path = BasePlannerTableHeader;
			sourceTree = "<group>";
		};
		7FC05AB927259935008724B6 /* Planner */ = {
			isa = PBXGroup;
			children = (
				7F2378842740276500D4F013 /* PlannerActivityContentCell */,
				7F07752A273E7E650033853A /* PlannerDateCell */,
				7F7159492725826A0077F46E /* PlannerItemsCell */,
				7FBE4C3727073220004E26A9 /* BasePlannerTableHeader */,
				7FBE4C27270723A8004E26A9 /* BasePlannerImageFooter */,
			);
			path = Planner;
			sourceTree = "<group>";
		};
		7FC05ABA2725994A008724B6 /* Discover */ = {
			isa = PBXGroup;
			children = (
				7F45C5E026EE33E1008A27C1 /* MapPreviewCell */,
				7F217A1826E914030057A40C /* InfoCollectionCell */,
				7F38229726D8398800E7F8A3 /* ItenaryCell */,
				7F217A1726E9108C0057A40C /* DescriptionCell */,
			);
			path = Discover;
			sourceTree = "<group>";
		};
		7FC05ABB27259976008724B6 /* Discover */ = {
			isa = PBXGroup;
			children = (
				7FD9716126D0D6CA00F7D71C /* DiscoverCell */,
				7F45C5DF26EE33C6008A27C1 /* InfoCell */,
			);
			path = Discover;
			sourceTree = "<group>";
		};
		7FCF5E6026C338F000FF7E18 = {
			isa = PBXGroup;
			children = (
				7FCF5E6B26C338F000FF7E18 /* Travl.iOS */,
				7F20F47C2747476C007CA801 /* TravlTests */,
				7FCF5E6A26C338F000FF7E18 /* Products */,
				1B2ACFE70074C61C8AE10CB2 /* Pods */,
				70FE09715EE1627C3673BBE0 /* Frameworks */,
			);
			sourceTree = "<group>";
		};
		7FCF5E6A26C338F000FF7E18 /* Products */ = {
			isa = PBXGroup;
			children = (
				7FCF5E6926C338F000FF7E18 /* Travl.iOS.app */,
				7F20F47B2747476C007CA801 /* TravlTests.xctest */,
			);
			name = Products;
			sourceTree = "<group>";
		};
		7FCF5E6B26C338F000FF7E18 /* Travl.iOS */ = {
			isa = PBXGroup;
			children = (
				7F13728026CBDC4C00318991 /* R.generated.swift */,
				7FCF5E6C26C338F000FF7E18 /* AppDelegate.swift */,
				7FCF5E6E26C338F000FF7E18 /* SceneDelegate.swift */,
				7FE5F84826DD99650083F350 /* Constants.swift */,
				7F13728826CBE73600318991 /* Utilities */,
				7F529F8326CEB74B006E7FB7 /* Extensions */,
				7F717FB126CE3C170066183C /* Model */,
				7FCF5E8426C3398300FF7E18 /* View */,
				7F13728226CBDCD400318991 /* Controller */,
				7F13728326CBE6F200318991 /* Networking */,
				7FBE4C2C27072A80004E26A9 /* Stubs */,
				7FCF5E7526C338F800FF7E18 /* Assets.xcassets */,
				7FCF5E7A26C338F800FF7E18 /* Info.plist */,
			);
			path = Travl.iOS;
			sourceTree = "<group>";
		};
		7FCF5E8426C3398300FF7E18 /* View */ = {
			isa = PBXGroup;
			children = (
				7F009E3A272B7640003374A1 /* Scene */,
				7F009E3B272B7651003374A1 /* UI */,
			);
			path = View;
			sourceTree = "<group>";
		};
		7FD9716126D0D6CA00F7D71C /* DiscoverCell */ = {
			isa = PBXGroup;
			children = (
				7FCF5E9226C33D5700FF7E18 /* DiscoverCell.swift */,
				7F4CE93D26DB7DC200CCBCC0 /* DiscoverCell.xib */,
			);
			path = DiscoverCell;
			sourceTree = "<group>";
		};
		7FDCE6E226DE651800EA1B54 /* TableCell */ = {
			isa = PBXGroup;
			children = (
				7FC05ABA2725994A008724B6 /* Discover */,
				7FC05AB927259935008724B6 /* Planner */,
			);
			path = TableCell;
			sourceTree = "<group>";
		};
/* End PBXGroup section */

/* Begin PBXNativeTarget section */
		7F20F47A2747476C007CA801 /* TravlTests */ = {
			isa = PBXNativeTarget;
			buildConfigurationList = 7F20F4832747476C007CA801 /* Build configuration list for PBXNativeTarget "TravlTests" */;
			buildPhases = (
				7F20F4772747476C007CA801 /* Sources */,
				7F20F4782747476C007CA801 /* Frameworks */,
				7F20F4792747476C007CA801 /* Resources */,
			);
			buildRules = (
			);
			dependencies = (
				7F20F4802747476C007CA801 /* PBXTargetDependency */,
			);
			name = TravlTests;
			productName = TravlTests;
			productReference = 7F20F47B2747476C007CA801 /* TravlTests.xctest */;
			productType = "com.apple.product-type.bundle.unit-test";
		};
		7FCF5E6826C338F000FF7E18 /* Travl.iOS */ = {
			isa = PBXNativeTarget;
			buildConfigurationList = 7FCF5E7D26C338F800FF7E18 /* Build configuration list for PBXNativeTarget "Travl.iOS" */;
			buildPhases = (
				017C08D328778021E77DA133 /* [CP] Check Pods Manifest.lock */,
				7F13727F26CBDB5600318991 /* ShellScript */,
				7FCF5E6526C338F000FF7E18 /* Sources */,
				7FCF5E6626C338F000FF7E18 /* Frameworks */,
				7FCF5E6726C338F000FF7E18 /* Resources */,
				868CD8EBE8781B138EE9F650 /* [CP] Embed Pods Frameworks */,
			);
			buildRules = (
			);
			dependencies = (
			);
			name = Travl.iOS;
			packageProductDependencies = (
				7F1E3BFF26DDB14C0027583A /* FloatingPanel */,
			);
			productName = Travl.iOS;
			productReference = 7FCF5E6926C338F000FF7E18 /* Travl.iOS.app */;
			productType = "com.apple.product-type.application";
		};
/* End PBXNativeTarget section */

/* Begin PBXProject section */
		7FCF5E6126C338F000FF7E18 /* Project object */ = {
			isa = PBXProject;
			attributes = {
				LastSwiftUpdateCheck = 1310;
				LastUpgradeCheck = 1240;
				TargetAttributes = {
					7F20F47A2747476C007CA801 = {
						CreatedOnToolsVersion = 13.1;
						TestTargetID = 7FCF5E6826C338F000FF7E18;
					};
					7FCF5E6826C338F000FF7E18 = {
						CreatedOnToolsVersion = 12.4;
					};
				};
			};
			buildConfigurationList = 7FCF5E6426C338F000FF7E18 /* Build configuration list for PBXProject "Travl.iOS" */;
			compatibilityVersion = "Xcode 9.3";
			developmentRegion = en;
			hasScannedForEncodings = 0;
			knownRegions = (
				en,
				Base,
			);
			mainGroup = 7FCF5E6026C338F000FF7E18;
			packageReferences = (
				7F1E3BFE26DDB14C0027583A /* XCRemoteSwiftPackageReference "FloatingPanel" */,
			);
			productRefGroup = 7FCF5E6A26C338F000FF7E18 /* Products */;
			projectDirPath = "";
			projectRoot = "";
			targets = (
				7FCF5E6826C338F000FF7E18 /* Travl.iOS */,
				7F20F47A2747476C007CA801 /* TravlTests */,
			);
		};
/* End PBXProject section */

/* Begin PBXResourcesBuildPhase section */
		7F20F4792747476C007CA801 /* Resources */ = {
			isa = PBXResourcesBuildPhase;
			buildActionMask = 2147483647;
			files = (
			);
			runOnlyForDeploymentPostprocessing = 0;
		};
		7FCF5E6726C338F000FF7E18 /* Resources */ = {
			isa = PBXResourcesBuildPhase;
			buildActionMask = 2147483647;
			files = (
				7F38229626D8397F00E7F8A3 /* ItenaryCell.xib in Resources */,
				7FBE4C3227072AA8004E26A9 /* image2.jpg in Resources */,
				7F49508F26FDEC6D00A7E4F8 /* Planner.storyboard in Resources */,
				7FB4CF49274072DB0048BF0D /* MenuCollectionCell.xib in Resources */,
				7F237889274027C700D4F013 /* PlannerActivityContentCell.xib in Resources */,
				7FCF5E7926C338F800FF7E18 /* LaunchScreen.storyboard in Resources */,
				7F18981B27071CD7007AA48F /* BasePlannerTableHeader.xib in Resources */,
				7FBE4C3527072C07004E26A9 /* image4.jpg in Resources */,
				7F4CE93E26DB7DC200CCBCC0 /* DiscoverCell.xib in Resources */,
				7FCF5E8F26C33BB400FF7E18 /* Discover.storyboard in Resources */,
				7F217A2026E916540057A40C /* InfoCell.xib in Resources */,
				7FBE4C3127072AA8004E26A9 /* image1.jpg in Resources */,
				7FCF5E7626C338F800FF7E18 /* Assets.xcassets in Resources */,
				7F217A1626E910870057A40C /* DescriptionCell.xib in Resources */,
				7FCF5E7426C338F000FF7E18 /* Main.storyboard in Resources */,
				7F71594D2725829D0077F46E /* PlannerItemsCell.xib in Resources */,
				7F217A1C26E914210057A40C /* ItenaryInfoCollectionCell.xib in Resources */,
				7F0774CB273E42AF0033853A /* PlannerDateCell.xib in Resources */,
				7F45C5E426EE3485008A27C1 /* MapPreviewCell.xib in Resources */,
				7FBE4C2B270723ED004E26A9 /* BasePlannerImageFooter.xib in Resources */,
				7FBE4C3327072AA8004E26A9 /* image3.jpg in Resources */,
			);
			runOnlyForDeploymentPostprocessing = 0;
		};
/* End PBXResourcesBuildPhase section */

/* Begin PBXShellScriptBuildPhase section */
		017C08D328778021E77DA133 /* [CP] Check Pods Manifest.lock */ = {
			isa = PBXShellScriptBuildPhase;
			buildActionMask = 2147483647;
			files = (
			);
			inputFileListPaths = (
			);
			inputPaths = (
				"${PODS_PODFILE_DIR_PATH}/Podfile.lock",
				"${PODS_ROOT}/Manifest.lock",
			);
			name = "[CP] Check Pods Manifest.lock";
			outputFileListPaths = (
			);
			outputPaths = (
				"$(DERIVED_FILE_DIR)/Pods-Travl.iOS-checkManifestLockResult.txt",
			);
			runOnlyForDeploymentPostprocessing = 0;
			shellPath = /bin/sh;
			shellScript = "diff \"${PODS_PODFILE_DIR_PATH}/Podfile.lock\" \"${PODS_ROOT}/Manifest.lock\" > /dev/null\nif [ $? != 0 ] ; then\n    # print error to STDERR\n    echo \"error: The sandbox is not in sync with the Podfile.lock. Run 'pod install' or update your CocoaPods installation.\" >&2\n    exit 1\nfi\n# This output is used by Xcode 'outputs' to avoid re-running this script phase.\necho \"SUCCESS\" > \"${SCRIPT_OUTPUT_FILE_0}\"\n";
			showEnvVarsInLog = 0;
		};
		7F13727F26CBDB5600318991 /* ShellScript */ = {
			isa = PBXShellScriptBuildPhase;
			buildActionMask = 2147483647;
			files = (
			);
			inputFileListPaths = (
			);
			inputPaths = (
				"$TEMP_DIR/rswift-lastrun",
			);
			outputFileListPaths = (
			);
			outputPaths = (
				$SRCROOT/R.generated.swift,
			);
			runOnlyForDeploymentPostprocessing = 0;
			shellPath = /bin/sh;
			shellScript = "\"$PODS_ROOT/R.swift/rswift\" generate \"$SRCROOT/R.generated.swift\"\n\n";
		};
		868CD8EBE8781B138EE9F650 /* [CP] Embed Pods Frameworks */ = {
			isa = PBXShellScriptBuildPhase;
			buildActionMask = 2147483647;
			files = (
			);
			inputFileListPaths = (
				"${PODS_ROOT}/Target Support Files/Pods-Travl.iOS/Pods-Travl.iOS-frameworks-${CONFIGURATION}-input-files.xcfilelist",
			);
			name = "[CP] Embed Pods Frameworks";
			outputFileListPaths = (
				"${PODS_ROOT}/Target Support Files/Pods-Travl.iOS/Pods-Travl.iOS-frameworks-${CONFIGURATION}-output-files.xcfilelist",
			);
			runOnlyForDeploymentPostprocessing = 0;
			shellPath = /bin/sh;
			shellScript = "\"${PODS_ROOT}/Target Support Files/Pods-Travl.iOS/Pods-Travl.iOS-frameworks.sh\"\n";
			showEnvVarsInLog = 0;
		};
/* End PBXShellScriptBuildPhase section */

/* Begin PBXSourcesBuildPhase section */
		7F20F4772747476C007CA801 /* Sources */ = {
			isa = PBXSourcesBuildPhase;
			buildActionMask = 2147483647;
			files = (
				7F20F486274747B6007CA801 /* download_data_from_network_manager.swift in Sources */,
			);
			runOnlyForDeploymentPostprocessing = 0;
		};
		7FCF5E6526C338F000FF7E18 /* Sources */ = {
			isa = PBXSourcesBuildPhase;
			buildActionMask = 2147483647;
			files = (
				7FB4CF48274072DB0048BF0D /* MenuCollectionCell.swift in Sources */,
				7F13728526CBE70A00318991 /* NetworkManager.swift in Sources */,
				7F237888274027C700D4F013 /* PlannerActivityContentCell.swift in Sources */,
				7F4CE94026DB819600CCBCC0 /* UIViewExtensions.swift in Sources */,
				7F009E3F272B770C003374A1 /* PlannerActivitiesPresenter.swift in Sources */,
				7F217A1526E910870057A40C /* DescriptionCell.swift in Sources */,
				7FD9716826D0D80D00F7D71C /* ItenaryVC.swift in Sources */,
				7F49508D26FDEBB600A7E4F8 /* BasePlannerVC.swift in Sources */,
				7F715946272508290077F46E /* Planner.swift in Sources */,
				7F217A1B26E914210057A40C /* ItenaryInfoCollectionCell.swift in Sources */,
				7FCF5E9326C33D5700FF7E18 /* DiscoverCell.swift in Sources */,
				7FBE4C39270732B2004E26A9 /* CreatePlannerVC.swift in Sources */,
				7FBE4C2A270723ED004E26A9 /* BasePlannerImageFooter.swift in Sources */,
				7F13728726CBE72B00318991 /* TError.swift in Sources */,
				7FCF5E7126C338F000FF7E18 /* BaseDiscoverVC.swift in Sources */,
				7F34A02826F0B88E0074F139 /* ItenaryMapViewVC.swift in Sources */,
				7FE5F84926DD99650083F350 /* Constants.swift in Sources */,
				7F18981A27071CD7007AA48F /* BasePlannerTableHeader.swift in Sources */,
				7F45C5E326EE3485008A27C1 /* MapPreviewCell.swift in Sources */,
				7F217A1F26E916540057A40C /* InfoCell.swift in Sources */,
				7F38229526D8397F00E7F8A3 /* ItenaryCell.swift in Sources */,
				7F009E3D272B76F1003374A1 /* PlannerDetailsVC.swift in Sources */,
				7F0774CA273E42AF0033853A /* PlannerDateCell.swift in Sources */,
				7F009E39272B7622003374A1 /* CreatePlannerPresenter.swift in Sources */,
				7F5139FF2707C2AA002D6880 /* ItenaryPresenter.swift in Sources */,
				7F71594C2725829D0077F46E /* PlannerItemsCell.swift in Sources */,
				7F717FB326CE3C480066183C /* Locations.swift in Sources */,
				7F13728126CBDC4C00318991 /* R.generated.swift in Sources */,
				7FD9B06026D4D036007E385B /* Itenaries.swift in Sources */,
				7F53D6C22700A2FD00970CEE /* BaseDiscoverPresenter.swift in Sources */,
				7FCF5E6D26C338F000FF7E18 /* AppDelegate.swift in Sources */,
				7F21D8F126E2276400C0AF7F /* ItenaryDetailsVC.swift in Sources */,
				7F529F8526CEB768006E7FB7 /* UIImageViewExtensions.swift in Sources */,
				7F13728A26CBEA5100318991 /* Result.swift in Sources */,
				7FCF5E6F26C338F000FF7E18 /* SceneDelegate.swift in Sources */,
				7F1E3C0226DDB2F40027583A /* ItenarySheetVC.swift in Sources */,
			);
			runOnlyForDeploymentPostprocessing = 0;
		};
/* End PBXSourcesBuildPhase section */

/* Begin PBXTargetDependency section */
		7F20F4802747476C007CA801 /* PBXTargetDependency */ = {
			isa = PBXTargetDependency;
			target = 7FCF5E6826C338F000FF7E18 /* Travl.iOS */;
			targetProxy = 7F20F47F2747476C007CA801 /* PBXContainerItemProxy */;
		};
/* End PBXTargetDependency section */

/* Begin PBXVariantGroup section */
		7FCF5E7226C338F000FF7E18 /* Main.storyboard */ = {
			isa = PBXVariantGroup;
			children = (
				7FCF5E7326C338F000FF7E18 /* Base */,
			);
			name = Main.storyboard;
			sourceTree = "<group>";
		};
		7FCF5E7726C338F800FF7E18 /* LaunchScreen.storyboard */ = {
			isa = PBXVariantGroup;
			children = (
				7FCF5E7826C338F800FF7E18 /* Base */,
			);
			name = LaunchScreen.storyboard;
			sourceTree = "<group>";
		};
		7FCF5E8D26C33BB400FF7E18 /* Discover.storyboard */ = {
			isa = PBXVariantGroup;
			children = (
				7FCF5E8E26C33BB400FF7E18 /* Base */,
			);
			name = Discover.storyboard;
			sourceTree = "<group>";
		};
/* End PBXVariantGroup section */

/* Begin XCBuildConfiguration section */
		7F20F4812747476C007CA801 /* Debug */ = {
			isa = XCBuildConfiguration;
			buildSettings = {
				BUNDLE_LOADER = "$(TEST_HOST)";
				CLANG_CXX_LANGUAGE_STANDARD = "gnu++17";
				CODE_SIGN_STYLE = Automatic;
				CURRENT_PROJECT_VERSION = 1;
				DEVELOPMENT_TEAM = CX2G82J2TK;
				GENERATE_INFOPLIST_FILE = YES;
				IPHONEOS_DEPLOYMENT_TARGET = 15.0;
				LD_RUNPATH_SEARCH_PATHS = (
					"$(inherited)",
					"@executable_path/Frameworks",
					"@loader_path/Frameworks",
				);
				MARKETING_VERSION = 1.0;
				PRODUCT_BUNDLE_IDENTIFIER = com.esikmalazman.TravlTests;
				PRODUCT_NAME = "$(TARGET_NAME)";
				SWIFT_EMIT_LOC_STRINGS = NO;
				SWIFT_VERSION = 5.0;
				TARGETED_DEVICE_FAMILY = "1,2";
				TEST_HOST = "$(BUILT_PRODUCTS_DIR)/Travl.iOS.app/Travl.iOS";
			};
			name = Debug;
		};
		7F20F4822747476C007CA801 /* Release */ = {
			isa = XCBuildConfiguration;
			buildSettings = {
				BUNDLE_LOADER = "$(TEST_HOST)";
				CLANG_CXX_LANGUAGE_STANDARD = "gnu++17";
				CODE_SIGN_STYLE = Automatic;
				CURRENT_PROJECT_VERSION = 1;
				DEVELOPMENT_TEAM = CX2G82J2TK;
				GENERATE_INFOPLIST_FILE = YES;
				IPHONEOS_DEPLOYMENT_TARGET = 15.0;
				LD_RUNPATH_SEARCH_PATHS = (
					"$(inherited)",
					"@executable_path/Frameworks",
					"@loader_path/Frameworks",
				);
				MARKETING_VERSION = 1.0;
				PRODUCT_BUNDLE_IDENTIFIER = com.esikmalazman.TravlTests;
				PRODUCT_NAME = "$(TARGET_NAME)";
				SWIFT_EMIT_LOC_STRINGS = NO;
				SWIFT_VERSION = 5.0;
				TARGETED_DEVICE_FAMILY = "1,2";
				TEST_HOST = "$(BUILT_PRODUCTS_DIR)/Travl.iOS.app/Travl.iOS";
			};
			name = Release;
		};
		7FCF5E7B26C338F800FF7E18 /* Debug */ = {
			isa = XCBuildConfiguration;
			buildSettings = {
				ALWAYS_SEARCH_USER_PATHS = NO;
				CLANG_ANALYZER_NONNULL = YES;
				CLANG_ANALYZER_NUMBER_OBJECT_CONVERSION = YES_AGGRESSIVE;
				CLANG_CXX_LANGUAGE_STANDARD = "gnu++14";
				CLANG_CXX_LIBRARY = "libc++";
				CLANG_ENABLE_MODULES = YES;
				CLANG_ENABLE_OBJC_ARC = YES;
				CLANG_ENABLE_OBJC_WEAK = YES;
				CLANG_WARN_BLOCK_CAPTURE_AUTORELEASING = YES;
				CLANG_WARN_BOOL_CONVERSION = YES;
				CLANG_WARN_COMMA = YES;
				CLANG_WARN_CONSTANT_CONVERSION = YES;
				CLANG_WARN_DEPRECATED_OBJC_IMPLEMENTATIONS = YES;
				CLANG_WARN_DIRECT_OBJC_ISA_USAGE = YES_ERROR;
				CLANG_WARN_DOCUMENTATION_COMMENTS = YES;
				CLANG_WARN_EMPTY_BODY = YES;
				CLANG_WARN_ENUM_CONVERSION = YES;
				CLANG_WARN_INFINITE_RECURSION = YES;
				CLANG_WARN_INT_CONVERSION = YES;
				CLANG_WARN_NON_LITERAL_NULL_CONVERSION = YES;
				CLANG_WARN_OBJC_IMPLICIT_RETAIN_SELF = YES;
				CLANG_WARN_OBJC_LITERAL_CONVERSION = YES;
				CLANG_WARN_OBJC_ROOT_CLASS = YES_ERROR;
				CLANG_WARN_QUOTED_INCLUDE_IN_FRAMEWORK_HEADER = YES;
				CLANG_WARN_RANGE_LOOP_ANALYSIS = YES;
				CLANG_WARN_STRICT_PROTOTYPES = YES;
				CLANG_WARN_SUSPICIOUS_MOVE = YES;
				CLANG_WARN_UNGUARDED_AVAILABILITY = YES_AGGRESSIVE;
				CLANG_WARN_UNREACHABLE_CODE = YES;
				CLANG_WARN__DUPLICATE_METHOD_MATCH = YES;
				COPY_PHASE_STRIP = NO;
				DEBUG_INFORMATION_FORMAT = dwarf;
				ENABLE_STRICT_OBJC_MSGSEND = YES;
				ENABLE_TESTABILITY = YES;
				GCC_C_LANGUAGE_STANDARD = gnu11;
				GCC_DYNAMIC_NO_PIC = NO;
				GCC_NO_COMMON_BLOCKS = YES;
				GCC_OPTIMIZATION_LEVEL = 0;
				GCC_PREPROCESSOR_DEFINITIONS = (
					"DEBUG=1",
					"$(inherited)",
				);
				GCC_WARN_64_TO_32_BIT_CONVERSION = YES;
				GCC_WARN_ABOUT_RETURN_TYPE = YES_ERROR;
				GCC_WARN_UNDECLARED_SELECTOR = YES;
				GCC_WARN_UNINITIALIZED_AUTOS = YES_AGGRESSIVE;
				GCC_WARN_UNUSED_FUNCTION = YES;
				GCC_WARN_UNUSED_VARIABLE = YES;
				IPHONEOS_DEPLOYMENT_TARGET = 14.4;
				MTL_ENABLE_DEBUG_INFO = INCLUDE_SOURCE;
				MTL_FAST_MATH = YES;
				ONLY_ACTIVE_ARCH = YES;
				SDKROOT = iphoneos;
				SWIFT_ACTIVE_COMPILATION_CONDITIONS = DEBUG;
				SWIFT_OPTIMIZATION_LEVEL = "-Onone";
			};
			name = Debug;
		};
		7FCF5E7C26C338F800FF7E18 /* Release */ = {
			isa = XCBuildConfiguration;
			buildSettings = {
				ALWAYS_SEARCH_USER_PATHS = NO;
				CLANG_ANALYZER_NONNULL = YES;
				CLANG_ANALYZER_NUMBER_OBJECT_CONVERSION = YES_AGGRESSIVE;
				CLANG_CXX_LANGUAGE_STANDARD = "gnu++14";
				CLANG_CXX_LIBRARY = "libc++";
				CLANG_ENABLE_MODULES = YES;
				CLANG_ENABLE_OBJC_ARC = YES;
				CLANG_ENABLE_OBJC_WEAK = YES;
				CLANG_WARN_BLOCK_CAPTURE_AUTORELEASING = YES;
				CLANG_WARN_BOOL_CONVERSION = YES;
				CLANG_WARN_COMMA = YES;
				CLANG_WARN_CONSTANT_CONVERSION = YES;
				CLANG_WARN_DEPRECATED_OBJC_IMPLEMENTATIONS = YES;
				CLANG_WARN_DIRECT_OBJC_ISA_USAGE = YES_ERROR;
				CLANG_WARN_DOCUMENTATION_COMMENTS = YES;
				CLANG_WARN_EMPTY_BODY = YES;
				CLANG_WARN_ENUM_CONVERSION = YES;
				CLANG_WARN_INFINITE_RECURSION = YES;
				CLANG_WARN_INT_CONVERSION = YES;
				CLANG_WARN_NON_LITERAL_NULL_CONVERSION = YES;
				CLANG_WARN_OBJC_IMPLICIT_RETAIN_SELF = YES;
				CLANG_WARN_OBJC_LITERAL_CONVERSION = YES;
				CLANG_WARN_OBJC_ROOT_CLASS = YES_ERROR;
				CLANG_WARN_QUOTED_INCLUDE_IN_FRAMEWORK_HEADER = YES;
				CLANG_WARN_RANGE_LOOP_ANALYSIS = YES;
				CLANG_WARN_STRICT_PROTOTYPES = YES;
				CLANG_WARN_SUSPICIOUS_MOVE = YES;
				CLANG_WARN_UNGUARDED_AVAILABILITY = YES_AGGRESSIVE;
				CLANG_WARN_UNREACHABLE_CODE = YES;
				CLANG_WARN__DUPLICATE_METHOD_MATCH = YES;
				COPY_PHASE_STRIP = NO;
				DEBUG_INFORMATION_FORMAT = "dwarf-with-dsym";
				ENABLE_NS_ASSERTIONS = NO;
				ENABLE_STRICT_OBJC_MSGSEND = YES;
				GCC_C_LANGUAGE_STANDARD = gnu11;
				GCC_NO_COMMON_BLOCKS = YES;
				GCC_WARN_64_TO_32_BIT_CONVERSION = YES;
				GCC_WARN_ABOUT_RETURN_TYPE = YES_ERROR;
				GCC_WARN_UNDECLARED_SELECTOR = YES;
				GCC_WARN_UNINITIALIZED_AUTOS = YES_AGGRESSIVE;
				GCC_WARN_UNUSED_FUNCTION = YES;
				GCC_WARN_UNUSED_VARIABLE = YES;
				IPHONEOS_DEPLOYMENT_TARGET = 14.4;
				MTL_ENABLE_DEBUG_INFO = NO;
				MTL_FAST_MATH = YES;
				SDKROOT = iphoneos;
				SWIFT_COMPILATION_MODE = wholemodule;
				SWIFT_OPTIMIZATION_LEVEL = "-O";
				VALIDATE_PRODUCT = YES;
			};
			name = Release;
		};
		7FCF5E7E26C338F800FF7E18 /* Debug */ = {
			isa = XCBuildConfiguration;
			baseConfigurationReference = 9CBD587F16BCBD11297A4B31 /* Pods-Travl.iOS.debug.xcconfig */;
			buildSettings = {
				ASSETCATALOG_COMPILER_APPICON_NAME = AppIcon;
				ASSETCATALOG_COMPILER_GLOBAL_ACCENT_COLOR_NAME = AccentColor;
				CODE_SIGN_IDENTITY = "Apple Development";
				CODE_SIGN_STYLE = Automatic;
				DEVELOPMENT_TEAM = CX2G82J2TK;
				INFOPLIST_FILE = Travl.iOS/Info.plist;
				IPHONEOS_DEPLOYMENT_TARGET = 13.0;
				LD_RUNPATH_SEARCH_PATHS = (
					"$(inherited)",
					"@executable_path/Frameworks",
				);
				PRODUCT_BUNDLE_IDENTIFIER = "com.esikmalazman.Travl-iOS";
				PRODUCT_NAME = "$(TARGET_NAME)";
				PROVISIONING_PROFILE_SPECIFIER = "";
				SWIFT_VERSION = 5.0;
				TARGETED_DEVICE_FAMILY = "1,2";
			};
			name = Debug;
		};
		7FCF5E7F26C338F800FF7E18 /* Release */ = {
			isa = XCBuildConfiguration;
			baseConfigurationReference = 71B11A562E0B40557C9152A2 /* Pods-Travl.iOS.release.xcconfig */;
			buildSettings = {
				ASSETCATALOG_COMPILER_APPICON_NAME = AppIcon;
				ASSETCATALOG_COMPILER_GLOBAL_ACCENT_COLOR_NAME = AccentColor;
				CODE_SIGN_IDENTITY = "Apple Development";
				CODE_SIGN_STYLE = Automatic;
				DEVELOPMENT_TEAM = CX2G82J2TK;
				INFOPLIST_FILE = Travl.iOS/Info.plist;
				IPHONEOS_DEPLOYMENT_TARGET = 13.0;
				LD_RUNPATH_SEARCH_PATHS = (
					"$(inherited)",
					"@executable_path/Frameworks",
				);
				PRODUCT_BUNDLE_IDENTIFIER = "com.esikmalazman.Travl-iOS";
				PRODUCT_NAME = "$(TARGET_NAME)";
				PROVISIONING_PROFILE_SPECIFIER = "";
				SWIFT_VERSION = 5.0;
				TARGETED_DEVICE_FAMILY = "1,2";
			};
			name = Release;
		};
/* End XCBuildConfiguration section */

/* Begin XCConfigurationList section */
		7F20F4832747476C007CA801 /* Build configuration list for PBXNativeTarget "TravlTests" */ = {
			isa = XCConfigurationList;
			buildConfigurations = (
				7F20F4812747476C007CA801 /* Debug */,
				7F20F4822747476C007CA801 /* Release */,
			);
			defaultConfigurationIsVisible = 0;
			defaultConfigurationName = Release;
		};
		7FCF5E6426C338F000FF7E18 /* Build configuration list for PBXProject "Travl.iOS" */ = {
			isa = XCConfigurationList;
			buildConfigurations = (
				7FCF5E7B26C338F800FF7E18 /* Debug */,
				7FCF5E7C26C338F800FF7E18 /* Release */,
			);
			defaultConfigurationIsVisible = 0;
			defaultConfigurationName = Release;
		};
		7FCF5E7D26C338F800FF7E18 /* Build configuration list for PBXNativeTarget "Travl.iOS" */ = {
			isa = XCConfigurationList;
			buildConfigurations = (
				7FCF5E7E26C338F800FF7E18 /* Debug */,
				7FCF5E7F26C338F800FF7E18 /* Release */,
			);
			defaultConfigurationIsVisible = 0;
			defaultConfigurationName = Release;
		};
/* End XCConfigurationList section */

/* Begin XCRemoteSwiftPackageReference section */
		7F1E3BFE26DDB14C0027583A /* XCRemoteSwiftPackageReference "FloatingPanel" */ = {
			isa = XCRemoteSwiftPackageReference;
			repositoryURL = "https://github.com/scenee/FloatingPanel.git";
			requirement = {
				kind = upToNextMajorVersion;
				minimumVersion = 2.4.0;
			};
		};
/* End XCRemoteSwiftPackageReference section */

/* Begin XCSwiftPackageProductDependency section */
		7F1E3BFF26DDB14C0027583A /* FloatingPanel */ = {
			isa = XCSwiftPackageProductDependency;
			package = 7F1E3BFE26DDB14C0027583A /* XCRemoteSwiftPackageReference "FloatingPanel" */;
			productName = FloatingPanel;
		};
/* End XCSwiftPackageProductDependency section */
	};
	rootObject = 7FCF5E6126C338F000FF7E18 /* Project object */;
}
