// !$*UTF8*$!
{
	archiveVersion = 1;
	classes = {
	};
	objectVersion = 51;
	objects = {

/* Begin PBXBuildFile section */
		7F13728126CBDC4C00318991 /* R.generated.swift in Sources */ = {isa = PBXBuildFile; fileRef = 7F13728026CBDC4C00318991 /* R.generated.swift */; };
		7F13728526CBE70A00318991 /* NetworkManager.swift in Sources */ = {isa = PBXBuildFile; fileRef = 7F13728426CBE70A00318991 /* NetworkManager.swift */; };
		7F13728726CBE72B00318991 /* TError.swift in Sources */ = {isa = PBXBuildFile; fileRef = 7F13728626CBE72B00318991 /* TError.swift */; };
		7F13728A26CBEA5100318991 /* Result.swift in Sources */ = {isa = PBXBuildFile; fileRef = 7F13728926CBEA5100318991 /* Result.swift */; };
		7F529F8526CEB768006E7FB7 /* UIImageViewExtensions.swift in Sources */ = {isa = PBXBuildFile; fileRef = 7F529F8426CEB768006E7FB7 /* UIImageViewExtensions.swift */; };
		7F717FB326CE3C480066183C /* Locations.swift in Sources */ = {isa = PBXBuildFile; fileRef = 7F717FB226CE3C480066183C /* Locations.swift */; };
		7FCF5E6D26C338F000FF7E18 /* AppDelegate.swift in Sources */ = {isa = PBXBuildFile; fileRef = 7FCF5E6C26C338F000FF7E18 /* AppDelegate.swift */; };
		7FCF5E6F26C338F000FF7E18 /* SceneDelegate.swift in Sources */ = {isa = PBXBuildFile; fileRef = 7FCF5E6E26C338F000FF7E18 /* SceneDelegate.swift */; };
		7FCF5E7126C338F000FF7E18 /* DiscoverVC.swift in Sources */ = {isa = PBXBuildFile; fileRef = 7FCF5E7026C338F000FF7E18 /* DiscoverVC.swift */; };
		7FCF5E7426C338F000FF7E18 /* Main.storyboard in Resources */ = {isa = PBXBuildFile; fileRef = 7FCF5E7226C338F000FF7E18 /* Main.storyboard */; };
		7FCF5E7626C338F800FF7E18 /* Assets.xcassets in Resources */ = {isa = PBXBuildFile; fileRef = 7FCF5E7526C338F800FF7E18 /* Assets.xcassets */; };
		7FCF5E7926C338F800FF7E18 /* LaunchScreen.storyboard in Resources */ = {isa = PBXBuildFile; fileRef = 7FCF5E7726C338F800FF7E18 /* LaunchScreen.storyboard */; };
		7FCF5E8F26C33BB400FF7E18 /* Discover.storyboard in Resources */ = {isa = PBXBuildFile; fileRef = 7FCF5E8D26C33BB400FF7E18 /* Discover.storyboard */; };
		7FCF5E9326C33D5700FF7E18 /* DiscoverCell.swift in Sources */ = {isa = PBXBuildFile; fileRef = 7FCF5E9226C33D5700FF7E18 /* DiscoverCell.swift */; };
		7FD9716426D0D70800F7D71C /* CardView.swift in Sources */ = {isa = PBXBuildFile; fileRef = 7FD9716226D0D70800F7D71C /* CardView.swift */; };
		7FD9716526D0D70800F7D71C /* CardView.xib in Resources */ = {isa = PBXBuildFile; fileRef = 7FD9716326D0D70800F7D71C /* CardView.xib */; };
		7FD9716826D0D80D00F7D71C /* DiscoverDetail.swift in Sources */ = {isa = PBXBuildFile; fileRef = 7FD9716726D0D80D00F7D71C /* DiscoverDetail.swift */; };
		7FD9B06026D4D036007E385B /* Itenaries.swift in Sources */ = {isa = PBXBuildFile; fileRef = 7FD9B05F26D4D036007E385B /* Itenaries.swift */; };
		A5AC259A73B4282051B2407E /* Pods_Travl_iOS.framework in Frameworks */ = {isa = PBXBuildFile; fileRef = 73A30EBDD2DEBA2261601004 /* Pods_Travl_iOS.framework */; };
/* End PBXBuildFile section */

/* Begin PBXFileReference section */
		71B11A562E0B40557C9152A2 /* Pods-Travl.iOS.release.xcconfig */ = {isa = PBXFileReference; includeInIndex = 1; lastKnownFileType = text.xcconfig; name = "Pods-Travl.iOS.release.xcconfig"; path = "Target Support Files/Pods-Travl.iOS/Pods-Travl.iOS.release.xcconfig"; sourceTree = "<group>"; };
		73A30EBDD2DEBA2261601004 /* Pods_Travl_iOS.framework */ = {isa = PBXFileReference; explicitFileType = wrapper.framework; includeInIndex = 0; path = Pods_Travl_iOS.framework; sourceTree = BUILT_PRODUCTS_DIR; };
		7F13728026CBDC4C00318991 /* R.generated.swift */ = {isa = PBXFileReference; fileEncoding = 4; lastKnownFileType = sourcecode.swift; path = R.generated.swift; sourceTree = SOURCE_ROOT; };
		7F13728426CBE70A00318991 /* NetworkManager.swift */ = {isa = PBXFileReference; lastKnownFileType = sourcecode.swift; path = NetworkManager.swift; sourceTree = "<group>"; };
		7F13728626CBE72B00318991 /* TError.swift */ = {isa = PBXFileReference; lastKnownFileType = sourcecode.swift; path = TError.swift; sourceTree = "<group>"; };
		7F13728926CBEA5100318991 /* Result.swift */ = {isa = PBXFileReference; lastKnownFileType = sourcecode.swift; path = Result.swift; sourceTree = "<group>"; };
		7F529F8426CEB768006E7FB7 /* UIImageViewExtensions.swift */ = {isa = PBXFileReference; lastKnownFileType = sourcecode.swift; path = UIImageViewExtensions.swift; sourceTree = "<group>"; };
		7F717FB226CE3C480066183C /* Locations.swift */ = {isa = PBXFileReference; lastKnownFileType = sourcecode.swift; path = Locations.swift; sourceTree = "<group>"; };
		7FCF5E6926C338F000FF7E18 /* Travl.iOS.app */ = {isa = PBXFileReference; explicitFileType = wrapper.application; includeInIndex = 0; path = Travl.iOS.app; sourceTree = BUILT_PRODUCTS_DIR; };
		7FCF5E6C26C338F000FF7E18 /* AppDelegate.swift */ = {isa = PBXFileReference; lastKnownFileType = sourcecode.swift; path = AppDelegate.swift; sourceTree = "<group>"; };
		7FCF5E6E26C338F000FF7E18 /* SceneDelegate.swift */ = {isa = PBXFileReference; lastKnownFileType = sourcecode.swift; path = SceneDelegate.swift; sourceTree = "<group>"; };
		7FCF5E7026C338F000FF7E18 /* DiscoverVC.swift */ = {isa = PBXFileReference; lastKnownFileType = sourcecode.swift; path = DiscoverVC.swift; sourceTree = "<group>"; };
		7FCF5E7326C338F000FF7E18 /* Base */ = {isa = PBXFileReference; lastKnownFileType = file.storyboard; name = Base; path = Base.lproj/Main.storyboard; sourceTree = "<group>"; };
		7FCF5E7526C338F800FF7E18 /* Assets.xcassets */ = {isa = PBXFileReference; lastKnownFileType = folder.assetcatalog; path = Assets.xcassets; sourceTree = "<group>"; };
		7FCF5E7826C338F800FF7E18 /* Base */ = {isa = PBXFileReference; lastKnownFileType = file.storyboard; name = Base; path = Base.lproj/LaunchScreen.storyboard; sourceTree = "<group>"; };
		7FCF5E7A26C338F800FF7E18 /* Info.plist */ = {isa = PBXFileReference; lastKnownFileType = text.plist.xml; path = Info.plist; sourceTree = "<group>"; };
		7FCF5E8E26C33BB400FF7E18 /* Base */ = {isa = PBXFileReference; lastKnownFileType = file.storyboard; name = Base; path = Travl.iOS/View/Base.lproj/Discover.storyboard; sourceTree = "<group>"; };
		7FCF5E9226C33D5700FF7E18 /* DiscoverCell.swift */ = {isa = PBXFileReference; lastKnownFileType = sourcecode.swift; path = DiscoverCell.swift; sourceTree = "<group>"; };
		7FD9716226D0D70800F7D71C /* CardView.swift */ = {isa = PBXFileReference; lastKnownFileType = sourcecode.swift; path = CardView.swift; sourceTree = "<group>"; };
		7FD9716326D0D70800F7D71C /* CardView.xib */ = {isa = PBXFileReference; lastKnownFileType = file.xib; path = CardView.xib; sourceTree = "<group>"; };
		7FD9716726D0D80D00F7D71C /* DiscoverDetail.swift */ = {isa = PBXFileReference; lastKnownFileType = sourcecode.swift; path = DiscoverDetail.swift; sourceTree = "<group>"; };
		7FD9B05F26D4D036007E385B /* Itenaries.swift */ = {isa = PBXFileReference; lastKnownFileType = sourcecode.swift; path = Itenaries.swift; sourceTree = "<group>"; };
		9CBD587F16BCBD11297A4B31 /* Pods-Travl.iOS.debug.xcconfig */ = {isa = PBXFileReference; includeInIndex = 1; lastKnownFileType = text.xcconfig; name = "Pods-Travl.iOS.debug.xcconfig"; path = "Target Support Files/Pods-Travl.iOS/Pods-Travl.iOS.debug.xcconfig"; sourceTree = "<group>"; };
/* End PBXFileReference section */

/* Begin PBXFrameworksBuildPhase section */
		7FCF5E6626C338F000FF7E18 /* Frameworks */ = {
			isa = PBXFrameworksBuildPhase;
			buildActionMask = 2147483647;
			files = (
				A5AC259A73B4282051B2407E /* Pods_Travl_iOS.framework in Frameworks */,
			);
			runOnlyForDeploymentPostprocessing = 0;
		};
/* End PBXFrameworksBuildPhase section */

/* Begin PBXGroup section */
		1B2ACFE70074C61C8AE10CB2 /* Pods */ = {
			isa = PBXGroup;
			children = (
				9CBD587F16BCBD11297A4B31 /* Pods-Travl.iOS.debug.xcconfig */,
				71B11A562E0B40557C9152A2 /* Pods-Travl.iOS.release.xcconfig */,
			);
			path = Pods;
			sourceTree = "<group>";
		};
		70FE09715EE1627C3673BBE0 /* Frameworks */ = {
			isa = PBXGroup;
			children = (
				73A30EBDD2DEBA2261601004 /* Pods_Travl_iOS.framework */,
			);
			name = Frameworks;
			sourceTree = "<group>";
		};
		7F13728226CBDCD400318991 /* Controller */ = {
			isa = PBXGroup;
			children = (
				7FCF5E7026C338F000FF7E18 /* DiscoverVC.swift */,
				7FD9716726D0D80D00F7D71C /* DiscoverDetail.swift */,
			);
			path = Controller;
			sourceTree = "<group>";
		};
		7F13728326CBE6F200318991 /* Networking */ = {
			isa = PBXGroup;
			children = (
				7F13728426CBE70A00318991 /* NetworkManager.swift */,
			);
			path = Networking;
			sourceTree = "<group>";
		};
		7F13728826CBE73600318991 /* Utilities */ = {
			isa = PBXGroup;
			children = (
				7F13728626CBE72B00318991 /* TError.swift */,
				7F13728926CBEA5100318991 /* Result.swift */,
			);
			path = Utilities;
			sourceTree = "<group>";
		};
		7F529F8326CEB74B006E7FB7 /* Extensions */ = {
			isa = PBXGroup;
			children = (
				7F529F8426CEB768006E7FB7 /* UIImageViewExtensions.swift */,
			);
			path = Extensions;
			sourceTree = "<group>";
		};
		7F717FB126CE3C170066183C /* Model */ = {
			isa = PBXGroup;
			children = (
				7F717FB226CE3C480066183C /* Locations.swift */,
				7FD9B05F26D4D036007E385B /* Itenaries.swift */,
			);
			path = Model;
			sourceTree = "<group>";
		};
		7FCF5E6026C338F000FF7E18 = {
			isa = PBXGroup;
			children = (
				7FCF5E6B26C338F000FF7E18 /* Travl.iOS */,
				7FCF5E6A26C338F000FF7E18 /* Products */,
				1B2ACFE70074C61C8AE10CB2 /* Pods */,
				70FE09715EE1627C3673BBE0 /* Frameworks */,
			);
			sourceTree = "<group>";
		};
		7FCF5E6A26C338F000FF7E18 /* Products */ = {
			isa = PBXGroup;
			children = (
				7FCF5E6926C338F000FF7E18 /* Travl.iOS.app */,
			);
			name = Products;
			sourceTree = "<group>";
		};
		7FCF5E6B26C338F000FF7E18 /* Travl.iOS */ = {
			isa = PBXGroup;
			children = (
				7F13728026CBDC4C00318991 /* R.generated.swift */,
				7FCF5E6C26C338F000FF7E18 /* AppDelegate.swift */,
				7FCF5E6E26C338F000FF7E18 /* SceneDelegate.swift */,
				7F717FB126CE3C170066183C /* Model */,
				7F13728326CBE6F200318991 /* Networking */,
				7F13728226CBDCD400318991 /* Controller */,
				7FCF5E8426C3398300FF7E18 /* View */,
				7FCF5E7526C338F800FF7E18 /* Assets.xcassets */,
				7FCF5E7A26C338F800FF7E18 /* Info.plist */,
				7F529F8326CEB74B006E7FB7 /* Extensions */,
				7F13728826CBE73600318991 /* Utilities */,
			);
			path = Travl.iOS;
			sourceTree = "<group>";
		};
		7FCF5E8426C3398300FF7E18 /* View */ = {
			isa = PBXGroup;
			children = (
				7FCF5E8D26C33BB400FF7E18 /* Discover.storyboard */,
				7FCF5E7226C338F000FF7E18 /* Main.storyboard */,
				7FCF5E7726C338F800FF7E18 /* LaunchScreen.storyboard */,
				7FD9716126D0D6CA00F7D71C /* CustomCVCell */,
				7FD9716626D0D71200F7D71C /* Card */,
			);
			path = View;
			sourceTree = "<group>";
		};
		7FD9716126D0D6CA00F7D71C /* CustomCVCell */ = {
			isa = PBXGroup;
			children = (
				7FCF5E9226C33D5700FF7E18 /* DiscoverCell.swift */,
			);
			path = CustomCVCell;
			sourceTree = "<group>";
		};
		7FD9716626D0D71200F7D71C /* Card */ = {
			isa = PBXGroup;
			children = (
				7FD9716226D0D70800F7D71C /* CardView.swift */,
				7FD9716326D0D70800F7D71C /* CardView.xib */,
			);
			path = Card;
			sourceTree = "<group>";
		};
/* End PBXGroup section */

/* Begin PBXNativeTarget section */
		7FCF5E6826C338F000FF7E18 /* Travl.iOS */ = {
			isa = PBXNativeTarget;
			buildConfigurationList = 7FCF5E7D26C338F800FF7E18 /* Build configuration list for PBXNativeTarget "Travl.iOS" */;
			buildPhases = (
				017C08D328778021E77DA133 /* [CP] Check Pods Manifest.lock */,
				7F13727F26CBDB5600318991 /* ShellScript */,
				7FCF5E6526C338F000FF7E18 /* Sources */,
				7FCF5E6626C338F000FF7E18 /* Frameworks */,
				7FCF5E6726C338F000FF7E18 /* Resources */,
				868CD8EBE8781B138EE9F650 /* [CP] Embed Pods Frameworks */,
			);
			buildRules = (
			);
			dependencies = (
			);
			name = Travl.iOS;
			productName = Travl.iOS;
			productReference = 7FCF5E6926C338F000FF7E18 /* Travl.iOS.app */;
			productType = "com.apple.product-type.application";
		};
/* End PBXNativeTarget section */

/* Begin PBXProject section */
		7FCF5E6126C338F000FF7E18 /* Project object */ = {
			isa = PBXProject;
			attributes = {
				LastSwiftUpdateCheck = 1240;
				LastUpgradeCheck = 1240;
				TargetAttributes = {
					7FCF5E6826C338F000FF7E18 = {
						CreatedOnToolsVersion = 12.4;
					};
				};
			};
			buildConfigurationList = 7FCF5E6426C338F000FF7E18 /* Build configuration list for PBXProject "Travl.iOS" */;
			compatibilityVersion = "Xcode 9.3";
			developmentRegion = en;
			hasScannedForEncodings = 0;
			knownRegions = (
				en,
				Base,
			);
			mainGroup = 7FCF5E6026C338F000FF7E18;
			productRefGroup = 7FCF5E6A26C338F000FF7E18 /* Products */;
			projectDirPath = "";
			projectRoot = "";
			targets = (
				7FCF5E6826C338F000FF7E18 /* Travl.iOS */,
			);
		};
/* End PBXProject section */

/* Begin PBXResourcesBuildPhase section */
		7FCF5E6726C338F000FF7E18 /* Resources */ = {
			isa = PBXResourcesBuildPhase;
			buildActionMask = 2147483647;
			files = (
				7FCF5E7926C338F800FF7E18 /* LaunchScreen.storyboard in Resources */,
				7FCF5E8F26C33BB400FF7E18 /* Discover.storyboard in Resources */,
				7FD9716526D0D70800F7D71C /* CardView.xib in Resources */,
				7FCF5E7626C338F800FF7E18 /* Assets.xcassets in Resources */,
				7FCF5E7426C338F000FF7E18 /* Main.storyboard in Resources */,
			);
			runOnlyForDeploymentPostprocessing = 0;
		};
/* End PBXResourcesBuildPhase section */

/* Begin PBXShellScriptBuildPhase section */
		017C08D328778021E77DA133 /* [CP] Check Pods Manifest.lock */ = {
			isa = PBXShellScriptBuildPhase;
			buildActionMask = 2147483647;
			files = (
			);
			inputFileListPaths = (
			);
			inputPaths = (
				"${PODS_PODFILE_DIR_PATH}/Podfile.lock",
				"${PODS_ROOT}/Manifest.lock",
			);
			name = "[CP] Check Pods Manifest.lock";
			outputFileListPaths = (
			);
			outputPaths = (
				"$(DERIVED_FILE_DIR)/Pods-Travl.iOS-checkManifestLockResult.txt",
			);
			runOnlyForDeploymentPostprocessing = 0;
			shellPath = /bin/sh;
			shellScript = "diff \"${PODS_PODFILE_DIR_PATH}/Podfile.lock\" \"${PODS_ROOT}/Manifest.lock\" > /dev/null\nif [ $? != 0 ] ; then\n    # print error to STDERR\n    echo \"error: The sandbox is not in sync with the Podfile.lock. Run 'pod install' or update your CocoaPods installation.\" >&2\n    exit 1\nfi\n# This output is used by Xcode 'outputs' to avoid re-running this script phase.\necho \"SUCCESS\" > \"${SCRIPT_OUTPUT_FILE_0}\"\n";
			showEnvVarsInLog = 0;
		};
		7F13727F26CBDB5600318991 /* ShellScript */ = {
			isa = PBXShellScriptBuildPhase;
			buildActionMask = 2147483647;
			files = (
			);
			inputFileListPaths = (
			);
			inputPaths = (
				"$TEMP_DIR/rswift-lastrun",
			);
			outputFileListPaths = (
			);
			outputPaths = (
				$SRCROOT/R.generated.swift,
			);
			runOnlyForDeploymentPostprocessing = 0;
			shellPath = /bin/sh;
			shellScript = "\"$PODS_ROOT/R.swift/rswift\" generate \"$SRCROOT/R.generated.swift\"\n\n";
		};
		868CD8EBE8781B138EE9F650 /* [CP] Embed Pods Frameworks */ = {
			isa = PBXShellScriptBuildPhase;
			buildActionMask = 2147483647;
			files = (
			);
			inputFileListPaths = (
				"${PODS_ROOT}/Target Support Files/Pods-Travl.iOS/Pods-Travl.iOS-frameworks-${CONFIGURATION}-input-files.xcfilelist",
			);
			name = "[CP] Embed Pods Frameworks";
			outputFileListPaths = (
				"${PODS_ROOT}/Target Support Files/Pods-Travl.iOS/Pods-Travl.iOS-frameworks-${CONFIGURATION}-output-files.xcfilelist",
			);
			runOnlyForDeploymentPostprocessing = 0;
			shellPath = /bin/sh;
			shellScript = "\"${PODS_ROOT}/Target Support Files/Pods-Travl.iOS/Pods-Travl.iOS-frameworks.sh\"\n";
			showEnvVarsInLog = 0;
		};
/* End PBXShellScriptBuildPhase section */

/* Begin PBXSourcesBuildPhase section */
		7FCF5E6526C338F000FF7E18 /* Sources */ = {
			isa = PBXSourcesBuildPhase;
			buildActionMask = 2147483647;
			files = (
				7F13728526CBE70A00318991 /* NetworkManager.swift in Sources */,
				7FD9716826D0D80D00F7D71C /* DiscoverDetail.swift in Sources */,
				7FD9716426D0D70800F7D71C /* CardView.swift in Sources */,
				7FCF5E9326C33D5700FF7E18 /* DiscoverCell.swift in Sources */,
				7F13728726CBE72B00318991 /* TError.swift in Sources */,
				7FCF5E7126C338F000FF7E18 /* DiscoverVC.swift in Sources */,
				7F717FB326CE3C480066183C /* Locations.swift in Sources */,
				7F13728126CBDC4C00318991 /* R.generated.swift in Sources */,
				7FD9B06026D4D036007E385B /* Itenaries.swift in Sources */,
				7FCF5E6D26C338F000FF7E18 /* AppDelegate.swift in Sources */,
				7F529F8526CEB768006E7FB7 /* UIImageViewExtensions.swift in Sources */,
				7F13728A26CBEA5100318991 /* Result.swift in Sources */,
				7FCF5E6F26C338F000FF7E18 /* SceneDelegate.swift in Sources */,
			);
			runOnlyForDeploymentPostprocessing = 0;
		};
/* End PBXSourcesBuildPhase section */

/* Begin PBXVariantGroup section */
		7FCF5E7226C338F000FF7E18 /* Main.storyboard */ = {
			isa = PBXVariantGroup;
			children = (
				7FCF5E7326C338F000FF7E18 /* Base */,
			);
			name = Main.storyboard;
			sourceTree = "<group>";
		};
		7FCF5E7726C338F800FF7E18 /* LaunchScreen.storyboard */ = {
			isa = PBXVariantGroup;
			children = (
				7FCF5E7826C338F800FF7E18 /* Base */,
			);
			name = LaunchScreen.storyboard;
			sourceTree = "<group>";
		};
		7FCF5E8D26C33BB400FF7E18 /* Discover.storyboard */ = {
			isa = PBXVariantGroup;
			children = (
				7FCF5E8E26C33BB400FF7E18 /* Base */,
			);
			name = Discover.storyboard;
			sourceTree = "<group>";
		};
/* End PBXVariantGroup section */

/* Begin XCBuildConfiguration section */
		7FCF5E7B26C338F800FF7E18 /* Debug */ = {
			isa = XCBuildConfiguration;
			buildSettings = {
				ALWAYS_SEARCH_USER_PATHS = NO;
				CLANG_ANALYZER_NONNULL = YES;
				CLANG_ANALYZER_NUMBER_OBJECT_CONVERSION = YES_AGGRESSIVE;
				CLANG_CXX_LANGUAGE_STANDARD = "gnu++14";
				CLANG_CXX_LIBRARY = "libc++";
				CLANG_ENABLE_MODULES = YES;
				CLANG_ENABLE_OBJC_ARC = YES;
				CLANG_ENABLE_OBJC_WEAK = YES;
				CLANG_WARN_BLOCK_CAPTURE_AUTORELEASING = YES;
				CLANG_WARN_BOOL_CONVERSION = YES;
				CLANG_WARN_COMMA = YES;
				CLANG_WARN_CONSTANT_CONVERSION = YES;
				CLANG_WARN_DEPRECATED_OBJC_IMPLEMENTATIONS = YES;
				CLANG_WARN_DIRECT_OBJC_ISA_USAGE = YES_ERROR;
				CLANG_WARN_DOCUMENTATION_COMMENTS = YES;
				CLANG_WARN_EMPTY_BODY = YES;
				CLANG_WARN_ENUM_CONVERSION = YES;
				CLANG_WARN_INFINITE_RECURSION = YES;
				CLANG_WARN_INT_CONVERSION = YES;
				CLANG_WARN_NON_LITERAL_NULL_CONVERSION = YES;
				CLANG_WARN_OBJC_IMPLICIT_RETAIN_SELF = YES;
				CLANG_WARN_OBJC_LITERAL_CONVERSION = YES;
				CLANG_WARN_OBJC_ROOT_CLASS = YES_ERROR;
				CLANG_WARN_QUOTED_INCLUDE_IN_FRAMEWORK_HEADER = YES;
				CLANG_WARN_RANGE_LOOP_ANALYSIS = YES;
				CLANG_WARN_STRICT_PROTOTYPES = YES;
				CLANG_WARN_SUSPICIOUS_MOVE = YES;
				CLANG_WARN_UNGUARDED_AVAILABILITY = YES_AGGRESSIVE;
				CLANG_WARN_UNREACHABLE_CODE = YES;
				CLANG_WARN__DUPLICATE_METHOD_MATCH = YES;
				COPY_PHASE_STRIP = NO;
				DEBUG_INFORMATION_FORMAT = dwarf;
				ENABLE_STRICT_OBJC_MSGSEND = YES;
				ENABLE_TESTABILITY = YES;
				GCC_C_LANGUAGE_STANDARD = gnu11;
				GCC_DYNAMIC_NO_PIC = NO;
				GCC_NO_COMMON_BLOCKS = YES;
				GCC_OPTIMIZATION_LEVEL = 0;
				GCC_PREPROCESSOR_DEFINITIONS = (
					"DEBUG=1",
					"$(inherited)",
				);
				GCC_WARN_64_TO_32_BIT_CONVERSION = YES;
				GCC_WARN_ABOUT_RETURN_TYPE = YES_ERROR;
				GCC_WARN_UNDECLARED_SELECTOR = YES;
				GCC_WARN_UNINITIALIZED_AUTOS = YES_AGGRESSIVE;
				GCC_WARN_UNUSED_FUNCTION = YES;
				GCC_WARN_UNUSED_VARIABLE = YES;
				IPHONEOS_DEPLOYMENT_TARGET = 14.4;
				MTL_ENABLE_DEBUG_INFO = INCLUDE_SOURCE;
				MTL_FAST_MATH = YES;
				ONLY_ACTIVE_ARCH = YES;
				SDKROOT = iphoneos;
				SWIFT_ACTIVE_COMPILATION_CONDITIONS = DEBUG;
				SWIFT_OPTIMIZATION_LEVEL = "-Onone";
			};
			name = Debug;
		};
		7FCF5E7C26C338F800FF7E18 /* Release */ = {
			isa = XCBuildConfiguration;
			buildSettings = {
				ALWAYS_SEARCH_USER_PATHS = NO;
				CLANG_ANALYZER_NONNULL = YES;
				CLANG_ANALYZER_NUMBER_OBJECT_CONVERSION = YES_AGGRESSIVE;
				CLANG_CXX_LANGUAGE_STANDARD = "gnu++14";
				CLANG_CXX_LIBRARY = "libc++";
				CLANG_ENABLE_MODULES = YES;
				CLANG_ENABLE_OBJC_ARC = YES;
				CLANG_ENABLE_OBJC_WEAK = YES;
				CLANG_WARN_BLOCK_CAPTURE_AUTORELEASING = YES;
				CLANG_WARN_BOOL_CONVERSION = YES;
				CLANG_WARN_COMMA = YES;
				CLANG_WARN_CONSTANT_CONVERSION = YES;
				CLANG_WARN_DEPRECATED_OBJC_IMPLEMENTATIONS = YES;
				CLANG_WARN_DIRECT_OBJC_ISA_USAGE = YES_ERROR;
				CLANG_WARN_DOCUMENTATION_COMMENTS = YES;
				CLANG_WARN_EMPTY_BODY = YES;
				CLANG_WARN_ENUM_CONVERSION = YES;
				CLANG_WARN_INFINITE_RECURSION = YES;
				CLANG_WARN_INT_CONVERSION = YES;
				CLANG_WARN_NON_LITERAL_NULL_CONVERSION = YES;
				CLANG_WARN_OBJC_IMPLICIT_RETAIN_SELF = YES;
				CLANG_WARN_OBJC_LITERAL_CONVERSION = YES;
				CLANG_WARN_OBJC_ROOT_CLASS = YES_ERROR;
				CLANG_WARN_QUOTED_INCLUDE_IN_FRAMEWORK_HEADER = YES;
				CLANG_WARN_RANGE_LOOP_ANALYSIS = YES;
				CLANG_WARN_STRICT_PROTOTYPES = YES;
				CLANG_WARN_SUSPICIOUS_MOVE = YES;
				CLANG_WARN_UNGUARDED_AVAILABILITY = YES_AGGRESSIVE;
				CLANG_WARN_UNREACHABLE_CODE = YES;
				CLANG_WARN__DUPLICATE_METHOD_MATCH = YES;
				COPY_PHASE_STRIP = NO;
				DEBUG_INFORMATION_FORMAT = "dwarf-with-dsym";
				ENABLE_NS_ASSERTIONS = NO;
				ENABLE_STRICT_OBJC_MSGSEND = YES;
				GCC_C_LANGUAGE_STANDARD = gnu11;
				GCC_NO_COMMON_BLOCKS = YES;
				GCC_WARN_64_TO_32_BIT_CONVERSION = YES;
				GCC_WARN_ABOUT_RETURN_TYPE = YES_ERROR;
				GCC_WARN_UNDECLARED_SELECTOR = YES;
				GCC_WARN_UNINITIALIZED_AUTOS = YES_AGGRESSIVE;
				GCC_WARN_UNUSED_FUNCTION = YES;
				GCC_WARN_UNUSED_VARIABLE = YES;
				IPHONEOS_DEPLOYMENT_TARGET = 14.4;
				MTL_ENABLE_DEBUG_INFO = NO;
				MTL_FAST_MATH = YES;
				SDKROOT = iphoneos;
				SWIFT_COMPILATION_MODE = wholemodule;
				SWIFT_OPTIMIZATION_LEVEL = "-O";
				VALIDATE_PRODUCT = YES;
			};
			name = Release;
		};
		7FCF5E7E26C338F800FF7E18 /* Debug */ = {
			isa = XCBuildConfiguration;
			baseConfigurationReference = 9CBD587F16BCBD11297A4B31 /* Pods-Travl.iOS.debug.xcconfig */;
			buildSettings = {
				ASSETCATALOG_COMPILER_APPICON_NAME = AppIcon;
				ASSETCATALOG_COMPILER_GLOBAL_ACCENT_COLOR_NAME = AccentColor;
				CODE_SIGN_IDENTITY = "Apple Development";
				CODE_SIGN_STYLE = Automatic;
				DEVELOPMENT_TEAM = CX2G82J2TK;
				INFOPLIST_FILE = Travl.iOS/Info.plist;
				IPHONEOS_DEPLOYMENT_TARGET = 13.0;
				LD_RUNPATH_SEARCH_PATHS = (
					"$(inherited)",
					"@executable_path/Frameworks",
				);
				PRODUCT_BUNDLE_IDENTIFIER = "com.esikmalazman.Travl-iOS";
				PRODUCT_NAME = "$(TARGET_NAME)";
				PROVISIONING_PROFILE_SPECIFIER = "";
				SWIFT_VERSION = 5.0;
				TARGETED_DEVICE_FAMILY = "1,2";
			};
			name = Debug;
		};
		7FCF5E7F26C338F800FF7E18 /* Release */ = {
			isa = XCBuildConfiguration;
			baseConfigurationReference = 71B11A562E0B40557C9152A2 /* Pods-Travl.iOS.release.xcconfig */;
			buildSettings = {
				ASSETCATALOG_COMPILER_APPICON_NAME = AppIcon;
				ASSETCATALOG_COMPILER_GLOBAL_ACCENT_COLOR_NAME = AccentColor;
				CODE_SIGN_IDENTITY = "Apple Development";
				CODE_SIGN_STYLE = Automatic;
				DEVELOPMENT_TEAM = CX2G82J2TK;
				INFOPLIST_FILE = Travl.iOS/Info.plist;
				IPHONEOS_DEPLOYMENT_TARGET = 13.0;
				LD_RUNPATH_SEARCH_PATHS = (
					"$(inherited)",
					"@executable_path/Frameworks",
				);
				PRODUCT_BUNDLE_IDENTIFIER = "com.esikmalazman.Travl-iOS";
				PRODUCT_NAME = "$(TARGET_NAME)";
				PROVISIONING_PROFILE_SPECIFIER = "";
				SWIFT_VERSION = 5.0;
				TARGETED_DEVICE_FAMILY = "1,2";
			};
			name = Release;
		};
/* End XCBuildConfiguration section */

/* Begin XCConfigurationList section */
		7FCF5E6426C338F000FF7E18 /* Build configuration list for PBXProject "Travl.iOS" */ = {
			isa = XCConfigurationList;
			buildConfigurations = (
				7FCF5E7B26C338F800FF7E18 /* Debug */,
				7FCF5E7C26C338F800FF7E18 /* Release */,
			);
			defaultConfigurationIsVisible = 0;
			defaultConfigurationName = Release;
		};
		7FCF5E7D26C338F800FF7E18 /* Build configuration list for PBXNativeTarget "Travl.iOS" */ = {
			isa = XCConfigurationList;
			buildConfigurations = (
				7FCF5E7E26C338F800FF7E18 /* Debug */,
				7FCF5E7F26C338F800FF7E18 /* Release */,
			);
			defaultConfigurationIsVisible = 0;
			defaultConfigurationName = Release;
		};
/* End XCConfigurationList section */
	};
	rootObject = 7FCF5E6126C338F000FF7E18 /* Project object */;
}
