{
  "object": {
    "pins": [
      {
        "package": "FloatingPanel",
        "repositoryURL": "https://github.com/scenee/FloatingPanel.git",
        "state": {
          "branch": null,
          "revision": "b8fcb50874f50bb511173700f87b09344c568c6a",
          "version": "2.4.0"
        }
      },
      {
        "package": "IQKeyboardManagerSwift",
        "repositoryURL": "https://github.com/hackiftekhar/IQKeyboardManager.git",
        "state": {
          "branch": null,
          "revision": "474f849accae40fe61b5302d9b057dd48ee073ba",
          "version": "6.5.9"
        }
      },
      {
        "package": "Kingfisher",
        "repositoryURL": "https://github.com/onevcat/Kingfisher.git",
        "state": {
          "branch": null,
          "revision": "318e319998bf555c3e914d5c3adb6da05af86a32",
          "version": "7.1.1"
        }
      },
      {
        "package": "Mixpanel",
        "repositoryURL": "https://github.com/mixpanel/mixpanel-swift.git",
        "state": {
          "branch": null,
          "revision": "cf569f790c0ec9e9f94f25e56b7ba5762198d34a",
          "version": "2.10.4"
        }
      }
    ]
  },
  "version": 1
}
